// !$*UTF8*$!
{
	archiveVersion = 1;
	classes = {
	};
	objectVersion = 46;
	objects = {

/* Begin PBXBuildFile section */
		0475A78C1D7D65D7001151EB /* AppDelegate.m in Sources */ = {isa = PBXBuildFile; fileRef = 0475A78B1D7D65D7001151EB /* AppDelegate.m */; };
		0475A78F1D7D65D7001151EB /* main.m in Sources */ = {isa = PBXBuildFile; fileRef = 0475A78E1D7D65D7001151EB /* main.m */; };
		0475A7921D7D65D7001151EB /* ViewController.m in Sources */ = {isa = PBXBuildFile; fileRef = 0475A7911D7D65D7001151EB /* ViewController.m */; };
		0475A7941D7D65D7001151EB /* Assets.xcassets in Resources */ = {isa = PBXBuildFile; fileRef = 0475A7931D7D65D7001151EB /* Assets.xcassets */; };
		0475A7971D7D65D7001151EB /* Main.storyboard in Resources */ = {isa = PBXBuildFile; fileRef = 0475A7951D7D65D7001151EB /* Main.storyboard */; };
		5060260A6A02867A53EBB69D /* libPods-ForRegexTest.a in Frameworks */ = {isa = PBXBuildFile; fileRef = 9114419899EDFD33ABC8C56F /* libPods-ForRegexTest.a */; };
/* End PBXBuildFile section */

/* Begin PBXFileReference section */
		0475A7871D7D65D7001151EB /* ForRegexTest.app */ = {isa = PBXFileReference; explicitFileType = wrapper.application; includeInIndex = 0; path = ForRegexTest.app; sourceTree = BUILT_PRODUCTS_DIR; };
		0475A78A1D7D65D7001151EB /* AppDelegate.h */ = {isa = PBXFileReference; lastKnownFileType = sourcecode.c.h; path = AppDelegate.h; sourceTree = "<group>"; };
		0475A78B1D7D65D7001151EB /* AppDelegate.m */ = {isa = PBXFileReference; lastKnownFileType = sourcecode.c.objc; path = AppDelegate.m; sourceTree = "<group>"; };
		0475A78E1D7D65D7001151EB /* main.m */ = {isa = PBXFileReference; lastKnownFileType = sourcecode.c.objc; path = main.m; sourceTree = "<group>"; };
		0475A7901D7D65D7001151EB /* ViewController.h */ = {isa = PBXFileReference; lastKnownFileType = sourcecode.c.h; path = ViewController.h; sourceTree = "<group>"; };
		0475A7911D7D65D7001151EB /* ViewController.m */ = {isa = PBXFileReference; lastKnownFileType = sourcecode.c.objc; path = ViewController.m; sourceTree = "<group>"; };
		0475A7931D7D65D7001151EB /* Assets.xcassets */ = {isa = PBXFileReference; lastKnownFileType = folder.assetcatalog; path = Assets.xcassets; sourceTree = "<group>"; };
		0475A7961D7D65D7001151EB /* Base */ = {isa = PBXFileReference; lastKnownFileType = file.storyboard; name = Base; path = Base.lproj/Main.storyboard; sourceTree = "<group>"; };
		0475A7981D7D65D7001151EB /* Info.plist */ = {isa = PBXFileReference; lastKnownFileType = text.plist.xml; path = Info.plist; sourceTree = "<group>"; };
		4404C8FCF11CECB2CCC0B3DB /* Pods-ForRegexTest.debug.xcconfig */ = {isa = PBXFileReference; includeInIndex = 1; lastKnownFileType = text.xcconfig; name = "Pods-ForRegexTest.debug.xcconfig"; path = "Pods/Target Support Files/Pods-ForRegexTest/Pods-ForRegexTest.debug.xcconfig"; sourceTree = "<group>"; };
		7B7B2BFD6ED84808CCF71625 /* Pods-ForRegexTest.release.xcconfig */ = {isa = PBXFileReference; includeInIndex = 1; lastKnownFileType = text.xcconfig; name = "Pods-ForRegexTest.release.xcconfig"; path = "Pods/Target Support Files/Pods-ForRegexTest/Pods-ForRegexTest.release.xcconfig"; sourceTree = "<group>"; };
		9114419899EDFD33ABC8C56F /* libPods-ForRegexTest.a */ = {isa = PBXFileReference; explicitFileType = archive.ar; includeInIndex = 0; path = "libPods-ForRegexTest.a"; sourceTree = BUILT_PRODUCTS_DIR; };
/* End PBXFileReference section */

/* Begin PBXFrameworksBuildPhase section */
		0475A7841D7D65D7001151EB /* Frameworks */ = {
			isa = PBXFrameworksBuildPhase;
			buildActionMask = 2147483647;
			files = (
				5060260A6A02867A53EBB69D /* libPods-ForRegexTest.a in Frameworks */,
			);
			runOnlyForDeploymentPostprocessing = 0;
		};
/* End PBXFrameworksBuildPhase section */

/* Begin PBXGroup section */
		0475A77E1D7D65D7001151EB = {
			isa = PBXGroup;
			children = (
				0475A7891D7D65D7001151EB /* ForRegexTest */,
				0475A7881D7D65D7001151EB /* Products */,
				FE48771D629F0984DC5F10F9 /* Pods */,
				14ED7481A2997F933E8151DE /* Frameworks */,
			);
			sourceTree = "<group>";
		};
		0475A7881D7D65D7001151EB /* Products */ = {
			isa = PBXGroup;
			children = (
				0475A7871D7D65D7001151EB /* ForRegexTest.app */,
			);
			name = Products;
			sourceTree = "<group>";
		};
		0475A7891D7D65D7001151EB /* ForRegexTest */ = {
			isa = PBXGroup;
			children = (
				0475A78A1D7D65D7001151EB /* AppDelegate.h */,
				0475A78B1D7D65D7001151EB /* AppDelegate.m */,
				0475A7901D7D65D7001151EB /* ViewController.h */,
				0475A7911D7D65D7001151EB /* ViewController.m */,
				0475A7931D7D65D7001151EB /* Assets.xcassets */,
				0475A7951D7D65D7001151EB /* Main.storyboard */,
				0475A7981D7D65D7001151EB /* Info.plist */,
				0475A78D1D7D65D7001151EB /* Supporting Files */,
			);
			path = ForRegexTest;
			sourceTree = "<group>";
		};
		0475A78D1D7D65D7001151EB /* Supporting Files */ = {
			isa = PBXGroup;
			children = (
				0475A78E1D7D65D7001151EB /* main.m */,
			);
			name = "Supporting Files";
			sourceTree = "<group>";
		};
		14ED7481A2997F933E8151DE /* Frameworks */ = {
			isa = PBXGroup;
			children = (
				9114419899EDFD33ABC8C56F /* libPods-ForRegexTest.a */,
			);
			name = Frameworks;
			sourceTree = "<group>";
		};
		FE48771D629F0984DC5F10F9 /* Pods */ = {
			isa = PBXGroup;
			children = (
				4404C8FCF11CECB2CCC0B3DB /* Pods-ForRegexTest.debug.xcconfig */,
				7B7B2BFD6ED84808CCF71625 /* Pods-ForRegexTest.release.xcconfig */,
			);
			name = Pods;
			sourceTree = "<group>";
		};
/* End PBXGroup section */

/* Begin PBXNativeTarget section */
		0475A7861D7D65D7001151EB /* ForRegexTest */ = {
			isa = PBXNativeTarget;
			buildConfigurationList = 0475A7B11D7D65D7001151EB /* Build configuration list for PBXNativeTarget "ForRegexTest" */;
			buildPhases = (
				821165DAD4871521F2B75ED7 /* [CP] Check Pods Manifest.lock */,
				0475A7831D7D65D7001151EB /* Sources */,
				0475A7841D7D65D7001151EB /* Frameworks */,
				0475A7851D7D65D7001151EB /* Resources */,
				CF9AA0C9742B0F58D4769F96 /* [CP] Embed Pods Frameworks */,
				6C12FF879B6A96DD01D17F22 /* [CP] Copy Pods Resources */,
			);
			buildRules = (
			);
			dependencies = (
			);
			name = ForRegexTest;
			productName = ForRegexTest;
			productReference = 0475A7871D7D65D7001151EB /* ForRegexTest.app */;
			productType = "com.apple.product-type.application";
		};
/* End PBXNativeTarget section */

/* Begin PBXProject section */
		0475A77F1D7D65D7001151EB /* Project object */ = {
			isa = PBXProject;
			attributes = {
				LastUpgradeCheck = 0730;
				ORGANIZATIONNAME = "Kagen Zhao";
				TargetAttributes = {
					0475A7861D7D65D7001151EB = {
						CreatedOnToolsVersion = 7.3.1;
					};
				};
			};
			buildConfigurationList = 0475A7821D7D65D7001151EB /* Build configuration list for PBXProject "ForRegexTest" */;
			compatibilityVersion = "Xcode 3.2";
			developmentRegion = English;
			hasScannedForEncodings = 0;
			knownRegions = (
				en,
				Base,
			);
			mainGroup = 0475A77E1D7D65D7001151EB;
			productRefGroup = 0475A7881D7D65D7001151EB /* Products */;
			projectDirPath = "";
			projectRoot = "";
			targets = (
				0475A7861D7D65D7001151EB /* ForRegexTest */,
			);
		};
/* End PBXProject section */

/* Begin PBXResourcesBuildPhase section */
		0475A7851D7D65D7001151EB /* Resources */ = {
			isa = PBXResourcesBuildPhase;
			buildActionMask = 2147483647;
			files = (
				0475A7941D7D65D7001151EB /* Assets.xcassets in Resources */,
				0475A7971D7D65D7001151EB /* Main.storyboard in Resources */,
			);
			runOnlyForDeploymentPostprocessing = 0;
		};
/* End PBXResourcesBuildPhase section */

/* Begin PBXShellScriptBuildPhase section */
		6C12FF879B6A96DD01D17F22 /* [CP] Copy Pods Resources */ = {
			isa = PBXShellScriptBuildPhase;
			buildActionMask = 2147483647;
			files = (
			);
			inputPaths = (
			);
			name = "[CP] Copy Pods Resources";
			outputPaths = (
			);
			runOnlyForDeploymentPostprocessing = 0;
			shellPath = /bin/sh;
			shellScript = "\"${SRCROOT}/Pods/Target Support Files/Pods-ForRegexTest/Pods-ForRegexTest-resources.sh\"\n";
			showEnvVarsInLog = 0;
		};
		821165DAD4871521F2B75ED7 /* [CP] Check Pods Manifest.lock */ = {
			isa = PBXShellScriptBuildPhase;
			buildActionMask = 2147483647;
			files = (
			);
			inputPaths = (
			);
			name = "[CP] Check Pods Manifest.lock";
			outputPaths = (
			);
			runOnlyForDeploymentPostprocessing = 0;
			shellPath = /bin/sh;
			shellScript = "diff \"${PODS_ROOT}/../Podfile.lock\" \"${PODS_ROOT}/Manifest.lock\" > /dev/null\nif [ $? != 0 ] ; then\n    # print error to STDERR\n    echo \"error: The sandbox is not in sync with the Podfile.lock. Run 'pod install' or update your CocoaPods installation.\" >&2\n    exit 1\nfi\n";
			showEnvVarsInLog = 0;
		};
		CF9AA0C9742B0F58D4769F96 /* [CP] Embed Pods Frameworks */ = {
			isa = PBXShellScriptBuildPhase;
			buildActionMask = 2147483647;
			files = (
			);
			inputPaths = (
			);
			name = "[CP] Embed Pods Frameworks";
			outputPaths = (
			);
			runOnlyForDeploymentPostprocessing = 0;
			shellPath = /bin/sh;
			shellScript = "\"${SRCROOT}/Pods/Target Support Files/Pods-ForRegexTest/Pods-ForRegexTest-frameworks.sh\"\n";
			showEnvVarsInLog = 0;
		};
/* End PBXShellScriptBuildPhase section */

/* Begin PBXSourcesBuildPhase section */
		0475A7831D7D65D7001151EB /* Sources */ = {
			isa = PBXSourcesBuildPhase;
			buildActionMask = 2147483647;
			files = (
				0475A7921D7D65D7001151EB /* ViewController.m in Sources */,
				0475A78F1D7D65D7001151EB /* main.m in Sources */,
				0475A78C1D7D65D7001151EB /* AppDelegate.m in Sources */,
			);
			runOnlyForDeploymentPostprocessing = 0;
		};
/* End PBXSourcesBuildPhase section */

/* Begin PBXVariantGroup section */
		0475A7951D7D65D7001151EB /* Main.storyboard */ = {
			isa = PBXVariantGroup;
			children = (
				0475A7961D7D65D7001151EB /* Base */,
			);
			name = Main.storyboard;
			sourceTree = "<group>";
		};
/* End PBXVariantGroup section */

/* Begin XCBuildConfiguration section */
		0475A7AF1D7D65D7001151EB /* Debug */ = {
			isa = XCBuildConfiguration;
			buildSettings = {
				ALWAYS_SEARCH_USER_PATHS = NO;
				CLANG_ANALYZER_NONNULL = YES;
				CLANG_CXX_LANGUAGE_STANDARD = "gnu++0x";
				CLANG_CXX_LIBRARY = "libc++";
				CLANG_ENABLE_MODULES = YES;
				CLANG_ENABLE_OBJC_ARC = YES;
				CLANG_WARN_BOOL_CONVERSION = YES;
				CLANG_WARN_CONSTANT_CONVERSION = YES;
				CLANG_WARN_DIRECT_OBJC_ISA_USAGE = YES_ERROR;
				CLANG_WARN_EMPTY_BODY = YES;
				CLANG_WARN_ENUM_CONVERSION = YES;
				CLANG_WARN_INT_CONVERSION = YES;
				CLANG_WARN_OBJC_ROOT_CLASS = YES_ERROR;
				CLANG_WARN_UNREACHABLE_CODE = YES;
				CLANG_WARN__DUPLICATE_METHOD_MATCH = YES;
				CODE_SIGN_IDENTITY = "-";
				COPY_PHASE_STRIP = NO;
				DEBUG_INFORMATION_FORMAT = dwarf;
				ENABLE_STRICT_OBJC_MSGSEND = YES;
				ENABLE_TESTABILITY = YES;
				GCC_C_LANGUAGE_STANDARD = gnu99;
				GCC_DYNAMIC_NO_PIC = NO;
				GCC_NO_COMMON_BLOCKS = YES;
				GCC_OPTIMIZATION_LEVEL = 0;
				GCC_PREPROCESSOR_DEFINITIONS = (
					"DEBUG=1",
					"$(inherited)",
				);
				GCC_WARN_64_TO_32_BIT_CONVERSION = YES;
				GCC_WARN_ABOUT_RETURN_TYPE = YES_ERROR;
				GCC_WARN_UNDECLARED_SELECTOR = YES;
				GCC_WARN_UNINITIALIZED_AUTOS = YES_AGGRESSIVE;
				GCC_WARN_UNUSED_FUNCTION = YES;
				GCC_WARN_UNUSED_VARIABLE = YES;
				MACOSX_DEPLOYMENT_TARGET = 10.11;
				MTL_ENABLE_DEBUG_INFO = YES;
				ONLY_ACTIVE_ARCH = YES;
				SDKROOT = macosx;
			};
			name = Debug;
		};
		0475A7B01D7D65D7001151EB /* Release */ = {
			isa = XCBuildConfiguration;
			buildSettings = {
				ALWAYS_SEARCH_USER_PATHS = NO;
				CLANG_ANALYZER_NONNULL = YES;
				CLANG_CXX_LANGUAGE_STANDARD = "gnu++0x";
				CLANG_CXX_LIBRARY = "libc++";
				CLANG_ENABLE_MODULES = YES;
				CLANG_ENABLE_OBJC_ARC = YES;
				CLANG_WARN_BOOL_CONVERSION = YES;
				CLANG_WARN_CONSTANT_CONVERSION = YES;
				CLANG_WARN_DIRECT_OBJC_ISA_USAGE = YES_ERROR;
				CLANG_WARN_EMPTY_BODY = YES;
				CLANG_WARN_ENUM_CONVERSION = YES;
				CLANG_WARN_INT_CONVERSION = YES;
				CLANG_WARN_OBJC_ROOT_CLASS = YES_ERROR;
				CLANG_WARN_UNREACHABLE_CODE = YES;
				CLANG_WARN__DUPLICATE_METHOD_MATCH = YES;
				CODE_SIGN_IDENTITY = "-";
				COPY_PHASE_STRIP = NO;
				DEBUG_INFORMATION_FORMAT = "dwarf-with-dsym";
				ENABLE_NS_ASSERTIONS = NO;
				ENABLE_STRICT_OBJC_MSGSEND = YES;
				GCC_C_LANGUAGE_STANDARD = gnu99;
				GCC_NO_COMMON_BLOCKS = YES;
				GCC_WARN_64_TO_32_BIT_CONVERSION = YES;
				GCC_WARN_ABOUT_RETURN_TYPE = YES_ERROR;
				GCC_WARN_UNDECLARED_SELECTOR = YES;
				GCC_WARN_UNINITIALIZED_AUTOS = YES_AGGRESSIVE;
				GCC_WARN_UNUSED_FUNCTION = YES;
				GCC_WARN_UNUSED_VARIABLE = YES;
				MACOSX_DEPLOYMENT_TARGET = 10.11;
				MTL_ENABLE_DEBUG_INFO = NO;
				SDKROOT = macosx;
			};
			name = Release;
		};
		0475A7B21D7D65D7001151EB /* Debug */ = {
			isa = XCBuildConfiguration;
			baseConfigurationReference = 4404C8FCF11CECB2CCC0B3DB /* Pods-ForRegexTest.debug.xcconfig */;
			buildSettings = {
				ASSETCATALOG_COMPILER_APPICON_NAME = AppIcon;
				COMBINE_HIDPI_IMAGES = YES;
				INFOPLIST_FILE = ForRegexTest/Info.plist;
				LD_RUNPATH_SEARCH_PATHS = "$(inherited) @executable_path/../Frameworks";
				PRODUCT_BUNDLE_IDENTIFIER = com.kagen.ForRegexTest;
				PRODUCT_NAME = "$(TARGET_NAME)";
			};
			name = Debug;
		};
		0475A7B31D7D65D7001151EB /* Release */ = {
			isa = XCBuildConfiguration;
			baseConfigurationReference = 7B7B2BFD6ED84808CCF71625 /* Pods-ForRegexTest.release.xcconfig */;
			buildSettings = {
				ASSETCATALOG_COMPILER_APPICON_NAME = AppIcon;
				COMBINE_HIDPI_IMAGES = YES;
				INFOPLIST_FILE = ForRegexTest/Info.plist;
				LD_RUNPATH_SEARCH_PATHS = "$(inherited) @executable_path/../Frameworks";
				PRODUCT_BUNDLE_IDENTIFIER = com.kagen.ForRegexTest;
				PRODUCT_NAME = "$(TARGET_NAME)";
			};
			name = Release;
		};
/* End XCBuildConfiguration section */

/* Begin XCConfigurationList section */
		0475A7821D7D65D7001151EB /* Build configuration list for PBXProject "ForRegexTest" */ = {
			isa = XCConfigurationList;
			buildConfigurations = (
				0475A7AF1D7D65D7001151EB /* Debug */,
				0475A7B01D7D65D7001151EB /* Release */,
			);
			defaultConfigurationIsVisible = 0;
			defaultConfigurationName = Release;
		};
		0475A7B11D7D65D7001151EB /* Build configuration list for PBXNativeTarget "ForRegexTest" */ = {
			isa = XCConfigurationList;
			buildConfigurations = (
				0475A7B21D7D65D7001151EB /* Debug */,
				0475A7B31D7D65D7001151EB /* Release */,
			);
			defaultConfigurationIsVisible = 0;
			defaultConfigurationName = Release;
		};
/* End XCConfigurationList section */
	};
	rootObject = 0475A77F1D7D65D7001151EB /* Project object */;
}
