// !$*UTF8*$!
{
	archiveVersion = 1;
	classes = {
	};
	objectVersion = 46;
	objects = {

/* Begin PBXBuildFile section */
		0410CF141D4A104900D6D101 /* SimpleTableViewController.swift in Sources */ = {isa = PBXBuildFile; fileRef = 0410CF131D4A104900D6D101 /* SimpleTableViewController.swift */; };
		0410CF171D4AF48C00D6D101 /* SimpleAnimatTableViewController.swift in Sources */ = {isa = PBXBuildFile; fileRef = 0410CF161D4AF48C00D6D101 /* SimpleAnimatTableViewController.swift */; };
		045A5A3A1C979652009F6BC2 /* AssetsLibrary.framework in Frameworks */ = {isa = PBXBuildFile; fileRef = 045A5A391C979652009F6BC2 /* AssetsLibrary.framework */; };
		04A7DF6E1C941C3E003A3C6D /* ViewController2.swift in Sources */ = {isa = PBXBuildFile; fileRef = 04A7DF6D1C941C3E003A3C6D /* ViewController2.swift */; };
		04E5C2BD1C841BF800908067 /* AppDelegate.swift in Sources */ = {isa = PBXBuildFile; fileRef = 04E5C2BC1C841BF800908067 /* AppDelegate.swift */; };
		04E5C2BF1C841BF800908067 /* ViewController.swift in Sources */ = {isa = PBXBuildFile; fileRef = 04E5C2BE1C841BF800908067 /* ViewController.swift */; };
		04E5C2C21C841BF800908067 /* Main.storyboard in Resources */ = {isa = PBXBuildFile; fileRef = 04E5C2C01C841BF800908067 /* Main.storyboard */; };
		04E5C2C41C841BF800908067 /* Assets.xcassets in Resources */ = {isa = PBXBuildFile; fileRef = 04E5C2C31C841BF800908067 /* Assets.xcassets */; };
		04E5C2C71C841BF800908067 /* LaunchScreen.storyboard in Resources */ = {isa = PBXBuildFile; fileRef = 04E5C2C51C841BF800908067 /* LaunchScreen.storyboard */; };
		26F2F958B213CCCE9A3EE137 /* Pods_RXSwift__.framework in Frameworks */ = {isa = PBXBuildFile; fileRef = AC99B1EBF40D358FE6ADFEFF /* Pods_RXSwift__.framework */; };
/* End PBXBuildFile section */

/* Begin PBXFileReference section */
		0410CF131D4A104900D6D101 /* SimpleTableViewController.swift */ = {isa = PBXFileReference; fileEncoding = 4; lastKnownFileType = sourcecode.swift; path = SimpleTableViewController.swift; sourceTree = "<group>"; };
		0410CF161D4AF48C00D6D101 /* SimpleAnimatTableViewController.swift */ = {isa = PBXFileReference; fileEncoding = 4; lastKnownFileType = sourcecode.swift; path = SimpleAnimatTableViewController.swift; sourceTree = "<group>"; };
		045A5A391C979652009F6BC2 /* AssetsLibrary.framework */ = {isa = PBXFileReference; lastKnownFileType = wrapper.framework; name = AssetsLibrary.framework; path = System/Library/Frameworks/AssetsLibrary.framework; sourceTree = SDKROOT; };
		04A7DF6D1C941C3E003A3C6D /* ViewController2.swift */ = {isa = PBXFileReference; fileEncoding = 4; lastKnownFileType = sourcecode.swift; path = ViewController2.swift; sourceTree = "<group>"; };
		04E5C2B91C841BF800908067 /* RXSwift学习.app */ = {isa = PBXFileReference; explicitFileType = wrapper.application; includeInIndex = 0; path = "RXSwift学习.app"; sourceTree = BUILT_PRODUCTS_DIR; };
		04E5C2BC1C841BF800908067 /* AppDelegate.swift */ = {isa = PBXFileReference; lastKnownFileType = sourcecode.swift; path = AppDelegate.swift; sourceTree = "<group>"; };
		04E5C2BE1C841BF800908067 /* ViewController.swift */ = {isa = PBXFileReference; lastKnownFileType = sourcecode.swift; path = ViewController.swift; sourceTree = "<group>"; };
		04E5C2C11C841BF800908067 /* Base */ = {isa = PBXFileReference; lastKnownFileType = file.storyboard; name = Base; path = Base.lproj/Main.storyboard; sourceTree = "<group>"; };
		04E5C2C31C841BF800908067 /* Assets.xcassets */ = {isa = PBXFileReference; lastKnownFileType = folder.assetcatalog; path = Assets.xcassets; sourceTree = "<group>"; };
		04E5C2C61C841BF800908067 /* Base */ = {isa = PBXFileReference; lastKnownFileType = file.storyboard; name = Base; path = Base.lproj/LaunchScreen.storyboard; sourceTree = "<group>"; };
		04E5C2C81C841BF800908067 /* Info.plist */ = {isa = PBXFileReference; lastKnownFileType = text.plist.xml; path = Info.plist; sourceTree = "<group>"; };
		58692777F8D242EEBCC3E4A8 /* Pods-RXSwift学习.release.xcconfig */ = {isa = PBXFileReference; includeInIndex = 1; lastKnownFileType = text.xcconfig; name = "Pods-RXSwift学习.release.xcconfig"; path = "Pods/Target Support Files/Pods-RXSwift学习/Pods-RXSwift学习.release.xcconfig"; sourceTree = "<group>"; };
		AC99B1EBF40D358FE6ADFEFF /* Pods_RXSwift__.framework */ = {isa = PBXFileReference; explicitFileType = wrapper.framework; includeInIndex = 0; path = Pods_RXSwift__.framework; sourceTree = BUILT_PRODUCTS_DIR; };
		D436CD51FB1EFA812C1BEB06 /* Pods-RXSwift学习.debug.xcconfig */ = {isa = PBXFileReference; includeInIndex = 1; lastKnownFileType = text.xcconfig; name = "Pods-RXSwift学习.debug.xcconfig"; path = "Pods/Target Support Files/Pods-RXSwift学习/Pods-RXSwift学习.debug.xcconfig"; sourceTree = "<group>"; };
/* End PBXFileReference section */

/* Begin PBXFrameworksBuildPhase section */
		04E5C2B61C841BF800908067 /* Frameworks */ = {
			isa = PBXFrameworksBuildPhase;
			buildActionMask = 2147483647;
			files = (
				045A5A3A1C979652009F6BC2 /* AssetsLibrary.framework in Frameworks */,
				26F2F958B213CCCE9A3EE137 /* Pods_RXSwift__.framework in Frameworks */,
			);
			runOnlyForDeploymentPostprocessing = 0;
		};
/* End PBXFrameworksBuildPhase section */

/* Begin PBXGroup section */
		04E5C2B01C841BF700908067 = {
			isa = PBXGroup;
			children = (
				04E5C2BB1C841BF800908067 /* RXSwift学习 */,
				04E5C2BA1C841BF800908067 /* Products */,
				ECFB209BFF0377B69FAECA04 /* Frameworks */,
				5068B82E4EC5CA6B339C3229 /* Pods */,
			);
			sourceTree = "<group>";
		};
		04E5C2BA1C841BF800908067 /* Products */ = {
			isa = PBXGroup;
			children = (
				04E5C2B91C841BF800908067 /* RXSwift学习.app */,
			);
			name = Products;
			sourceTree = "<group>";
		};
		04E5C2BB1C841BF800908067 /* RXSwift学习 */ = {
			isa = PBXGroup;
			children = (
				04E5C2BC1C841BF800908067 /* AppDelegate.swift */,
				04E5C2BE1C841BF800908067 /* ViewController.swift */,
				04A7DF6D1C941C3E003A3C6D /* ViewController2.swift */,
				0410CF131D4A104900D6D101 /* SimpleTableViewController.swift */,
				0410CF161D4AF48C00D6D101 /* SimpleAnimatTableViewController.swift */,
				04E5C2C01C841BF800908067 /* Main.storyboard */,
				04E5C2C31C841BF800908067 /* Assets.xcassets */,
				04E5C2C51C841BF800908067 /* LaunchScreen.storyboard */,
				04E5C2C81C841BF800908067 /* Info.plist */,
			);
			path = "RXSwift学习";
			sourceTree = "<group>";
		};
		5068B82E4EC5CA6B339C3229 /* Pods */ = {
			isa = PBXGroup;
			children = (
				D436CD51FB1EFA812C1BEB06 /* Pods-RXSwift学习.debug.xcconfig */,
				58692777F8D242EEBCC3E4A8 /* Pods-RXSwift学习.release.xcconfig */,
			);
			name = Pods;
			sourceTree = "<group>";
		};
		ECFB209BFF0377B69FAECA04 /* Frameworks */ = {
			isa = PBXGroup;
			children = (
				045A5A391C979652009F6BC2 /* AssetsLibrary.framework */,
				AC99B1EBF40D358FE6ADFEFF /* Pods_RXSwift__.framework */,
			);
			name = Frameworks;
			sourceTree = "<group>";
		};
/* End PBXGroup section */

/* Begin PBXNativeTarget section */
		04E5C2B81C841BF800908067 /* RXSwift学习 */ = {
			isa = PBXNativeTarget;
			buildConfigurationList = 04E5C2CB1C841BF800908067 /* Build configuration list for PBXNativeTarget "RXSwift学习" */;
			buildPhases = (
				06CEE65ABED659BBAE97E717 /* 📦 Check Pods Manifest.lock */,
				04E5C2B51C841BF800908067 /* Sources */,
				04E5C2B61C841BF800908067 /* Frameworks */,
				04E5C2B71C841BF800908067 /* Resources */,
				59A889B571880970137F67FA /* 📦 Embed Pods Frameworks */,
				3C57EB900706C2C1710DB3A2 /* 📦 Copy Pods Resources */,
				153B6E4FBF3FC7BD2A45F4E1 /* Embed Pods Frameworks */,
			);
			buildRules = (
			);
			dependencies = (
			);
			name = "RXSwift学习";
			productName = "RXSwift学习";
			productReference = 04E5C2B91C841BF800908067 /* RXSwift学习.app */;
			productType = "com.apple.product-type.application";
		};
/* End PBXNativeTarget section */

/* Begin PBXProject section */
		04E5C2B11C841BF800908067 /* Project object */ = {
			isa = PBXProject;
			attributes = {
				LastSwiftUpdateCheck = 0720;
				LastUpgradeCheck = 0720;
				ORGANIZATIONNAME = "赵国庆";
				TargetAttributes = {
					04E5C2B81C841BF800908067 = {
						CreatedOnToolsVersion = 7.2.1;
					};
				};
			};
			buildConfigurationList = 04E5C2B41C841BF800908067 /* Build configuration list for PBXProject "RXSwift学习" */;
			compatibilityVersion = "Xcode 3.2";
			developmentRegion = English;
			hasScannedForEncodings = 0;
			knownRegions = (
				en,
				Base,
			);
			mainGroup = 04E5C2B01C841BF700908067;
			productRefGroup = 04E5C2BA1C841BF800908067 /* Products */;
			projectDirPath = "";
			projectRoot = "";
			targets = (
				04E5C2B81C841BF800908067 /* RXSwift学习 */,
			);
		};
/* End PBXProject section */

/* Begin PBXResourcesBuildPhase section */
		04E5C2B71C841BF800908067 /* Resources */ = {
			isa = PBXResourcesBuildPhase;
			buildActionMask = 2147483647;
			files = (
				04E5C2C71C841BF800908067 /* LaunchScreen.storyboard in Resources */,
				04E5C2C41C841BF800908067 /* Assets.xcassets in Resources */,
				04E5C2C21C841BF800908067 /* Main.storyboard in Resources */,
			);
			runOnlyForDeploymentPostprocessing = 0;
		};
/* End PBXResourcesBuildPhase section */

/* Begin PBXShellScriptBuildPhase section */
		06CEE65ABED659BBAE97E717 /* 📦 Check Pods Manifest.lock */ = {
			isa = PBXShellScriptBuildPhase;
			buildActionMask = 2147483647;
			files = (
			);
			inputPaths = (
			);
			name = "📦 Check Pods Manifest.lock";
			outputPaths = (
			);
			runOnlyForDeploymentPostprocessing = 0;
			shellPath = /bin/sh;
			shellScript = "diff \"${PODS_ROOT}/../Podfile.lock\" \"${PODS_ROOT}/Manifest.lock\" > /dev/null\nif [[ $? != 0 ]] ; then\n    cat << EOM\nerror: The sandbox is not in sync with the Podfile.lock. Run 'pod install' or update your CocoaPods installation.\nEOM\n    exit 1\nfi\n";
			showEnvVarsInLog = 0;
		};
		153B6E4FBF3FC7BD2A45F4E1 /* Embed Pods Frameworks */ = {
			isa = PBXShellScriptBuildPhase;
			buildActionMask = 2147483647;
			files = (
			);
			inputPaths = (
			);
			name = "Embed Pods Frameworks";
			outputPaths = (
			);
			runOnlyForDeploymentPostprocessing = 0;
			shellPath = /bin/sh;
			shellScript = "\"${SRCROOT}/Pods/Target Support Files/Pods-RXSwift学习/Pods-RXSwift学习-frameworks.sh\"\n";
			showEnvVarsInLog = 0;
		};
		3C57EB900706C2C1710DB3A2 /* 📦 Copy Pods Resources */ = {
			isa = PBXShellScriptBuildPhase;
			buildActionMask = 2147483647;
			files = (
			);
			inputPaths = (
			);
			name = "📦 Copy Pods Resources";
			outputPaths = (
			);
			runOnlyForDeploymentPostprocessing = 0;
			shellPath = /bin/sh;
			shellScript = "\"${SRCROOT}/Pods/Target Support Files/Pods-RXSwift学习/Pods-RXSwift学习-resources.sh\"\n";
			showEnvVarsInLog = 0;
		};
		59A889B571880970137F67FA /* 📦 Embed Pods Frameworks */ = {
			isa = PBXShellScriptBuildPhase;
			buildActionMask = 2147483647;
			files = (
			);
			inputPaths = (
			);
			name = "📦 Embed Pods Frameworks";
			outputPaths = (
			);
			runOnlyForDeploymentPostprocessing = 0;
			shellPath = /bin/sh;
			shellScript = "\"${SRCROOT}/Pods/Target Support Files/Pods-RXSwift学习/Pods-RXSwift学习-frameworks.sh\"\n";
			showEnvVarsInLog = 0;
		};
/* End PBXShellScriptBuildPhase section */

/* Begin PBXSourcesBuildPhase section */
		04E5C2B51C841BF800908067 /* Sources */ = {
			isa = PBXSourcesBuildPhase;
			buildActionMask = 2147483647;
			files = (
				04E5C2BF1C841BF800908067 /* ViewController.swift in Sources */,
				0410CF171D4AF48C00D6D101 /* SimpleAnimatTableViewController.swift in Sources */,
				04E5C2BD1C841BF800908067 /* AppDelegate.swift in Sources */,
				04A7DF6E1C941C3E003A3C6D /* ViewController2.swift in Sources */,
				0410CF141D4A104900D6D101 /* SimpleTableViewController.swift in Sources */,
			);
			runOnlyForDeploymentPostprocessing = 0;
		};
/* End PBXSourcesBuildPhase section */

/* Begin PBXVariantGroup section */
		04E5C2C01C841BF800908067 /* Main.storyboard */ = {
			isa = PBXVariantGroup;
			children = (
				04E5C2C11C841BF800908067 /* Base */,
			);
			name = Main.storyboard;
			sourceTree = "<group>";
		};
		04E5C2C51C841BF800908067 /* LaunchScreen.storyboard */ = {
			isa = PBXVariantGroup;
			children = (
				04E5C2C61C841BF800908067 /* Base */,
			);
			name = LaunchScreen.storyboard;
			sourceTree = "<group>";
		};
/* End PBXVariantGroup section */

/* Begin XCBuildConfiguration section */
		04E5C2C91C841BF800908067 /* Debug */ = {
			isa = XCBuildConfiguration;
			buildSettings = {
				ALWAYS_SEARCH_USER_PATHS = NO;
				CLANG_CXX_LANGUAGE_STANDARD = "gnu++0x";
				CLANG_CXX_LIBRARY = "libc++";
				CLANG_ENABLE_MODULES = YES;
				CLANG_ENABLE_OBJC_ARC = YES;
				CLANG_WARN_BOOL_CONVERSION = YES;
				CLANG_WARN_CONSTANT_CONVERSION = YES;
				CLANG_WARN_DIRECT_OBJC_ISA_USAGE = YES_ERROR;
				CLANG_WARN_EMPTY_BODY = YES;
				CLANG_WARN_ENUM_CONVERSION = YES;
				CLANG_WARN_INT_CONVERSION = YES;
				CLANG_WARN_OBJC_ROOT_CLASS = YES_ERROR;
				CLANG_WARN_UNREACHABLE_CODE = YES;
				CLANG_WARN__DUPLICATE_METHOD_MATCH = YES;
				"CODE_SIGN_IDENTITY[sdk=iphoneos*]" = "iPhone Developer";
				COPY_PHASE_STRIP = NO;
				DEBUG_INFORMATION_FORMAT = dwarf;
				ENABLE_STRICT_OBJC_MSGSEND = YES;
				ENABLE_TESTABILITY = YES;
				GCC_C_LANGUAGE_STANDARD = gnu99;
				GCC_DYNAMIC_NO_PIC = NO;
				GCC_NO_COMMON_BLOCKS = YES;
				GCC_OPTIMIZATION_LEVEL = 0;
				GCC_PREPROCESSOR_DEFINITIONS = (
					"DEBUG=1",
					"$(inherited)",
				);
				GCC_WARN_64_TO_32_BIT_CONVERSION = YES;
				GCC_WARN_ABOUT_RETURN_TYPE = YES_ERROR;
				GCC_WARN_UNDECLARED_SELECTOR = YES;
				GCC_WARN_UNINITIALIZED_AUTOS = YES_AGGRESSIVE;
				GCC_WARN_UNUSED_FUNCTION = YES;
				GCC_WARN_UNUSED_VARIABLE = YES;
				IPHONEOS_DEPLOYMENT_TARGET = 9.2;
				MTL_ENABLE_DEBUG_INFO = YES;
				ONLY_ACTIVE_ARCH = YES;
				SDKROOT = iphoneos;
				SWIFT_OPTIMIZATION_LEVEL = "-Onone";
			};
			name = Debug;
		};
		04E5C2CA1C841BF800908067 /* Release */ = {
			isa = XCBuildConfiguration;
			buildSettings = {
				ALWAYS_SEARCH_USER_PATHS = NO;
				CLANG_CXX_LANGUAGE_STANDARD = "gnu++0x";
				CLANG_CXX_LIBRARY = "libc++";
				CLANG_ENABLE_MODULES = YES;
				CLANG_ENABLE_OBJC_ARC = YES;
				CLANG_WARN_BOOL_CONVERSION = YES;
				CLANG_WARN_CONSTANT_CONVERSION = YES;
				CLANG_WARN_DIRECT_OBJC_ISA_USAGE = YES_ERROR;
				CLANG_WARN_EMPTY_BODY = YES;
				CLANG_WARN_ENUM_CONVERSION = YES;
				CLANG_WARN_INT_CONVERSION = YES;
				CLANG_WARN_OBJC_ROOT_CLASS = YES_ERROR;
				CLANG_WARN_UNREACHABLE_CODE = YES;
				CLANG_WARN__DUPLICATE_METHOD_MATCH = YES;
				"CODE_SIGN_IDENTITY[sdk=iphoneos*]" = "iPhone Developer";
				COPY_PHASE_STRIP = NO;
				DEBUG_INFORMATION_FORMAT = "dwarf-with-dsym";
				ENABLE_NS_ASSERTIONS = NO;
				ENABLE_STRICT_OBJC_MSGSEND = YES;
				GCC_C_LANGUAGE_STANDARD = gnu99;
				GCC_NO_COMMON_BLOCKS = YES;
				GCC_WARN_64_TO_32_BIT_CONVERSION = YES;
				GCC_WARN_ABOUT_RETURN_TYPE = YES_ERROR;
				GCC_WARN_UNDECLARED_SELECTOR = YES;
				GCC_WARN_UNINITIALIZED_AUTOS = YES_AGGRESSIVE;
				GCC_WARN_UNUSED_FUNCTION = YES;
				GCC_WARN_UNUSED_VARIABLE = YES;
				IPHONEOS_DEPLOYMENT_TARGET = 9.2;
				MTL_ENABLE_DEBUG_INFO = NO;
				SDKROOT = iphoneos;
				VALIDATE_PRODUCT = YES;
			};
			name = Release;
		};
		04E5C2CC1C841BF800908067 /* Debug */ = {
			isa = XCBuildConfiguration;
			baseConfigurationReference = D436CD51FB1EFA812C1BEB06 /* Pods-RXSwift学习.debug.xcconfig */;
			buildSettings = {
				ASSETCATALOG_COMPILER_APPICON_NAME = AppIcon;
				CODE_SIGN_IDENTITY = "iPhone Developer";
				INFOPLIST_FILE = "RXSwift学习/Info.plist";
				IPHONEOS_DEPLOYMENT_TARGET = 8.1;
				LD_RUNPATH_SEARCH_PATHS = "$(inherited) @executable_path/Frameworks";
				PRODUCT_BUNDLE_IDENTIFIER = com.yuhong.oeasy;
				PRODUCT_NAME = "$(TARGET_NAME)";
			};
			name = Debug;
		};
		04E5C2CD1C841BF800908067 /* Release */ = {
			isa = XCBuildConfiguration;
			baseConfigurationReference = 58692777F8D242EEBCC3E4A8 /* Pods-RXSwift学习.release.xcconfig */;
			buildSettings = {
				ASSETCATALOG_COMPILER_APPICON_NAME = AppIcon;
				CODE_SIGN_IDENTITY = "iPhone Developer";
				INFOPLIST_FILE = "RXSwift学习/Info.plist";
				IPHONEOS_DEPLOYMENT_TARGET = 8.1;
				LD_RUNPATH_SEARCH_PATHS = "$(inherited) @executable_path/Frameworks";
				PRODUCT_BUNDLE_IDENTIFIER = com.yuhong.oeasy;
				PRODUCT_NAME = "$(TARGET_NAME)";
			};
			name = Release;
		};
/* End XCBuildConfiguration section */

/* Begin XCConfigurationList section */
		04E5C2B41C841BF800908067 /* Build configuration list for PBXProject "RXSwift学习" */ = {
			isa = XCConfigurationList;
			buildConfigurations = (
				04E5C2C91C841BF800908067 /* Debug */,
				04E5C2CA1C841BF800908067 /* Release */,
			);
			defaultConfigurationIsVisible = 0;
			defaultConfigurationName = Release;
		};
		04E5C2CB1C841BF800908067 /* Build configuration list for PBXNativeTarget "RXSwift学习" */ = {
			isa = XCConfigurationList;
			buildConfigurations = (
				04E5C2CC1C841BF800908067 /* Debug */,
				04E5C2CD1C841BF800908067 /* Release */,
			);
			defaultConfigurationIsVisible = 0;
			defaultConfigurationName = Release;
		};
/* End XCConfigurationList section */
	};
	rootObject = 04E5C2B11C841BF800908067 /* Project object */;
}
