// !$*UTF8*$!
{
	archiveVersion = 1;
	classes = {
	};
	objectVersion = 46;
	objects = {

/* Begin PBXBuildFile section */
		04BC57211CC6264700D6A796 /* AppDelegate.swift in Sources */ = {isa = PBXBuildFile; fileRef = 04BC57201CC6264700D6A796 /* AppDelegate.swift */; };
		04BC57231CC6264700D6A796 /* ViewController.swift in Sources */ = {isa = PBXBuildFile; fileRef = 04BC57221CC6264700D6A796 /* ViewController.swift */; };
		04BC57261CC6264700D6A796 /* Main.storyboard in Resources */ = {isa = PBXBuildFile; fileRef = 04BC57241CC6264700D6A796 /* Main.storyboard */; };
		04BC57281CC6264700D6A796 /* Assets.xcassets in Resources */ = {isa = PBXBuildFile; fileRef = 04BC57271CC6264700D6A796 /* Assets.xcassets */; };
		04BC572B1CC6264700D6A796 /* LaunchScreen.storyboard in Resources */ = {isa = PBXBuildFile; fileRef = 04BC57291CC6264700D6A796 /* LaunchScreen.storyboard */; };
		04BC59AD1CC78C4000D6A796 /* KMRAlert.swift in Sources */ = {isa = PBXBuildFile; fileRef = 04BC59AC1CC78C4000D6A796 /* KMRAlert.swift */; };
/* End PBXBuildFile section */

/* Begin PBXFileReference section */
		04BC571D1CC6264700D6A796 /* KMRAlert.app */ = {isa = PBXFileReference; explicitFileType = wrapper.application; includeInIndex = 0; path = KMRAlert.app; sourceTree = BUILT_PRODUCTS_DIR; };
		04BC57201CC6264700D6A796 /* AppDelegate.swift */ = {isa = PBXFileReference; lastKnownFileType = sourcecode.swift; path = AppDelegate.swift; sourceTree = "<group>"; };
		04BC57221CC6264700D6A796 /* ViewController.swift */ = {isa = PBXFileReference; lastKnownFileType = sourcecode.swift; path = ViewController.swift; sourceTree = "<group>"; };
		04BC57251CC6264700D6A796 /* Base */ = {isa = PBXFileReference; lastKnownFileType = file.storyboard; name = Base; path = Base.lproj/Main.storyboard; sourceTree = "<group>"; };
		04BC57271CC6264700D6A796 /* Assets.xcassets */ = {isa = PBXFileReference; lastKnownFileType = folder.assetcatalog; path = Assets.xcassets; sourceTree = "<group>"; };
		04BC572A1CC6264700D6A796 /* Base */ = {isa = PBXFileReference; lastKnownFileType = file.storyboard; name = Base; path = Base.lproj/LaunchScreen.storyboard; sourceTree = "<group>"; };
		04BC572C1CC6264700D6A796 /* Info.plist */ = {isa = PBXFileReference; lastKnownFileType = text.plist.xml; path = Info.plist; sourceTree = "<group>"; };
		04BC59AC1CC78C4000D6A796 /* KMRAlert.swift */ = {isa = PBXFileReference; fileEncoding = 4; lastKnownFileType = sourcecode.swift; path = KMRAlert.swift; sourceTree = "<group>"; };
/* End PBXFileReference section */

/* Begin PBXFrameworksBuildPhase section */
		04BC571A1CC6264700D6A796 /* Frameworks */ = {
			isa = PBXFrameworksBuildPhase;
			buildActionMask = 2147483647;
			files = (
			);
			runOnlyForDeploymentPostprocessing = 0;
		};
/* End PBXFrameworksBuildPhase section */

/* Begin PBXGroup section */
		04BC57141CC6264700D6A796 = {
			isa = PBXGroup;
			children = (
				04BC571F1CC6264700D6A796 /* KMRAlert */,
				04BC571E1CC6264700D6A796 /* Products */,
			);
			sourceTree = "<group>";
		};
		04BC571E1CC6264700D6A796 /* Products */ = {
			isa = PBXGroup;
			children = (
				04BC571D1CC6264700D6A796 /* KMRAlert.app */,
			);
			name = Products;
			sourceTree = "<group>";
		};
		04BC571F1CC6264700D6A796 /* KMRAlert */ = {
			isa = PBXGroup;
			children = (
				04BC59AB1CC78C4000D6A796 /* KMRAlert */,
				04BC57201CC6264700D6A796 /* AppDelegate.swift */,
				04BC57221CC6264700D6A796 /* ViewController.swift */,
				04BC57241CC6264700D6A796 /* Main.storyboard */,
				04BC57271CC6264700D6A796 /* Assets.xcassets */,
				04BC57291CC6264700D6A796 /* LaunchScreen.storyboard */,
				04BC572C1CC6264700D6A796 /* Info.plist */,
			);
			path = KMRAlert;
			sourceTree = "<group>";
		};
		04BC59AB1CC78C4000D6A796 /* KMRAlert */ = {
			isa = PBXGroup;
			children = (
				04BC59AC1CC78C4000D6A796 /* KMRAlert.swift */,
			);
			path = KMRAlert;
			sourceTree = "<group>";
		};
/* End PBXGroup section */

/* Begin PBXNativeTarget section */
		04BC571C1CC6264700D6A796 /* KMRAlert */ = {
			isa = PBXNativeTarget;
			buildConfigurationList = 04BC572F1CC6264700D6A796 /* Build configuration list for PBXNativeTarget "KMRAlert" */;
			buildPhases = (
				04BC57191CC6264700D6A796 /* Sources */,
				04BC571A1CC6264700D6A796 /* Frameworks */,
				04BC571B1CC6264700D6A796 /* Resources */,
			);
			buildRules = (
			);
			dependencies = (
			);
			name = KMRAlert;
			productName = KMRAlert;
			productReference = 04BC571D1CC6264700D6A796 /* KMRAlert.app */;
			productType = "com.apple.product-type.application";
		};
/* End PBXNativeTarget section */

/* Begin PBXProject section */
		04BC57151CC6264700D6A796 /* Project object */ = {
			isa = PBXProject;
			attributes = {
				LastSwiftUpdateCheck = 0730;
				LastUpgradeCheck = 0730;
				ORGANIZATIONNAME = "赵国庆";
				TargetAttributes = {
					04BC571C1CC6264700D6A796 = {
						CreatedOnToolsVersion = 7.3;
					};
				};
			};
			buildConfigurationList = 04BC57181CC6264700D6A796 /* Build configuration list for PBXProject "KMRAlert" */;
			compatibilityVersion = "Xcode 3.2";
			developmentRegion = English;
			hasScannedForEncodings = 0;
			knownRegions = (
				en,
				Base,
			);
			mainGroup = 04BC57141CC6264700D6A796;
			productRefGroup = 04BC571E1CC6264700D6A796 /* Products */;
			projectDirPath = "";
			projectRoot = "";
			targets = (
				04BC571C1CC6264700D6A796 /* KMRAlert */,
			);
		};
/* End PBXProject section */

/* Begin PBXResourcesBuildPhase section */
		04BC571B1CC6264700D6A796 /* Resources */ = {
			isa = PBXResourcesBuildPhase;
			buildActionMask = 2147483647;
			files = (
				04BC572B1CC6264700D6A796 /* LaunchScreen.storyboard in Resources */,
				04BC57281CC6264700D6A796 /* Assets.xcassets in Resources */,
				04BC57261CC6264700D6A796 /* Main.storyboard in Resources */,
			);
			runOnlyForDeploymentPostprocessing = 0;
		};
/* End PBXResourcesBuildPhase section */

/* Begin PBXSourcesBuildPhase section */
		04BC57191CC6264700D6A796 /* Sources */ = {
			isa = PBXSourcesBuildPhase;
			buildActionMask = 2147483647;
			files = (
				04BC57231CC6264700D6A796 /* ViewController.swift in Sources */,
				04BC57211CC6264700D6A796 /* AppDelegate.swift in Sources */,
				04BC59AD1CC78C4000D6A796 /* KMRAlert.swift in Sources */,
			);
			runOnlyForDeploymentPostprocessing = 0;
		};
/* End PBXSourcesBuildPhase section */

/* Begin PBXVariantGroup section */
		04BC57241CC6264700D6A796 /* Main.storyboard */ = {
			isa = PBXVariantGroup;
			children = (
				04BC57251CC6264700D6A796 /* Base */,
			);
			name = Main.storyboard;
			sourceTree = "<group>";
		};
		04BC57291CC6264700D6A796 /* LaunchScreen.storyboard */ = {
			isa = PBXVariantGroup;
			children = (
				04BC572A1CC6264700D6A796 /* Base */,
			);
			name = LaunchScreen.storyboard;
			sourceTree = "<group>";
		};
/* End PBXVariantGroup section */

/* Begin XCBuildConfiguration section */
		04BC572D1CC6264700D6A796 /* Debug */ = {
			isa = XCBuildConfiguration;
			buildSettings = {
				ALWAYS_SEARCH_USER_PATHS = NO;
				CLANG_ANALYZER_NONNULL = YES;
				CLANG_CXX_LANGUAGE_STANDARD = "gnu++0x";
				CLANG_CXX_LIBRARY = "libc++";
				CLANG_ENABLE_MODULES = YES;
				CLANG_ENABLE_OBJC_ARC = YES;
				CLANG_WARN_BOOL_CONVERSION = YES;
				CLANG_WARN_CONSTANT_CONVERSION = YES;
				CLANG_WARN_DIRECT_OBJC_ISA_USAGE = YES_ERROR;
				CLANG_WARN_EMPTY_BODY = YES;
				CLANG_WARN_ENUM_CONVERSION = YES;
				CLANG_WARN_INT_CONVERSION = YES;
				CLANG_WARN_OBJC_ROOT_CLASS = YES_ERROR;
				CLANG_WARN_UNREACHABLE_CODE = YES;
				CLANG_WARN__DUPLICATE_METHOD_MATCH = YES;
				"CODE_SIGN_IDENTITY[sdk=iphoneos*]" = "iPhone Developer";
				COPY_PHASE_STRIP = NO;
				DEBUG_INFORMATION_FORMAT = dwarf;
				ENABLE_STRICT_OBJC_MSGSEND = YES;
				ENABLE_TESTABILITY = YES;
				GCC_C_LANGUAGE_STANDARD = gnu99;
				GCC_DYNAMIC_NO_PIC = NO;
				GCC_NO_COMMON_BLOCKS = YES;
				GCC_OPTIMIZATION_LEVEL = 0;
				GCC_PREPROCESSOR_DEFINITIONS = (
					"DEBUG=1",
					"$(inherited)",
				);
				GCC_WARN_64_TO_32_BIT_CONVERSION = YES;
				GCC_WARN_ABOUT_RETURN_TYPE = YES_ERROR;
				GCC_WARN_UNDECLARED_SELECTOR = YES;
				GCC_WARN_UNINITIALIZED_AUTOS = YES_AGGRESSIVE;
				GCC_WARN_UNUSED_FUNCTION = YES;
				GCC_WARN_UNUSED_VARIABLE = YES;
				IPHONEOS_DEPLOYMENT_TARGET = 9.3;
				MTL_ENABLE_DEBUG_INFO = YES;
				ONLY_ACTIVE_ARCH = YES;
				SDKROOT = iphoneos;
				SWIFT_OPTIMIZATION_LEVEL = "-Onone";
			};
			name = Debug;
		};
		04BC572E1CC6264700D6A796 /* Release */ = {
			isa = XCBuildConfiguration;
			buildSettings = {
				ALWAYS_SEARCH_USER_PATHS = NO;
				CLANG_ANALYZER_NONNULL = YES;
				CLANG_CXX_LANGUAGE_STANDARD = "gnu++0x";
				CLANG_CXX_LIBRARY = "libc++";
				CLANG_ENABLE_MODULES = YES;
				CLANG_ENABLE_OBJC_ARC = YES;
				CLANG_WARN_BOOL_CONVERSION = YES;
				CLANG_WARN_CONSTANT_CONVERSION = YES;
				CLANG_WARN_DIRECT_OBJC_ISA_USAGE = YES_ERROR;
				CLANG_WARN_EMPTY_BODY = YES;
				CLANG_WARN_ENUM_CONVERSION = YES;
				CLANG_WARN_INT_CONVERSION = YES;
				CLANG_WARN_OBJC_ROOT_CLASS = YES_ERROR;
				CLANG_WARN_UNREACHABLE_CODE = YES;
				CLANG_WARN__DUPLICATE_METHOD_MATCH = YES;
				"CODE_SIGN_IDENTITY[sdk=iphoneos*]" = "iPhone Developer";
				COPY_PHASE_STRIP = NO;
				DEBUG_INFORMATION_FORMAT = "dwarf-with-dsym";
				ENABLE_NS_ASSERTIONS = NO;
				ENABLE_STRICT_OBJC_MSGSEND = YES;
				GCC_C_LANGUAGE_STANDARD = gnu99;
				GCC_NO_COMMON_BLOCKS = YES;
				GCC_WARN_64_TO_32_BIT_CONVERSION = YES;
				GCC_WARN_ABOUT_RETURN_TYPE = YES_ERROR;
				GCC_WARN_UNDECLARED_SELECTOR = YES;
				GCC_WARN_UNINITIALIZED_AUTOS = YES_AGGRESSIVE;
				GCC_WARN_UNUSED_FUNCTION = YES;
				GCC_WARN_UNUSED_VARIABLE = YES;
				IPHONEOS_DEPLOYMENT_TARGET = 9.3;
				MTL_ENABLE_DEBUG_INFO = NO;
				SDKROOT = iphoneos;
				VALIDATE_PRODUCT = YES;
			};
			name = Release;
		};
		04BC57301CC6264700D6A796 /* Debug */ = {
			isa = XCBuildConfiguration;
			buildSettings = {
				ASSETCATALOG_COMPILER_APPICON_NAME = AppIcon;
				CODE_SIGN_IDENTITY = "iPhone Developer";
				INFOPLIST_FILE = KMRAlert/Info.plist;
				IPHONEOS_DEPLOYMENT_TARGET = 7.0;
				LD_RUNPATH_SEARCH_PATHS = "$(inherited) @executable_path/Frameworks";
				PRODUCT_BUNDLE_IDENTIFIER = com.KMR.KMRAlert;
				PRODUCT_NAME = "$(TARGET_NAME)";
			};
			name = Debug;
		};
		04BC57311CC6264700D6A796 /* Release */ = {
			isa = XCBuildConfiguration;
			buildSettings = {
				ASSETCATALOG_COMPILER_APPICON_NAME = AppIcon;
				CODE_SIGN_IDENTITY = "iPhone Developer";
				INFOPLIST_FILE = KMRAlert/Info.plist;
				IPHONEOS_DEPLOYMENT_TARGET = 7.0;
				LD_RUNPATH_SEARCH_PATHS = "$(inherited) @executable_path/Frameworks";
				PRODUCT_BUNDLE_IDENTIFIER = com.KMR.KMRAlert;
				PRODUCT_NAME = "$(TARGET_NAME)";
			};
			name = Release;
		};
/* End XCBuildConfiguration section */

/* Begin XCConfigurationList section */
		04BC57181CC6264700D6A796 /* Build configuration list for PBXProject "KMRAlert" */ = {
			isa = XCConfigurationList;
			buildConfigurations = (
				04BC572D1CC6264700D6A796 /* Debug */,
				04BC572E1CC6264700D6A796 /* Release */,
			);
			defaultConfigurationIsVisible = 0;
			defaultConfigurationName = Release;
		};
		04BC572F1CC6264700D6A796 /* Build configuration list for PBXNativeTarget "KMRAlert" */ = {
			isa = XCConfigurationList;
			buildConfigurations = (
				04BC57301CC6264700D6A796 /* Debug */,
				04BC57311CC6264700D6A796 /* Release */,
			);
			defaultConfigurationIsVisible = 0;
			defaultConfigurationName = Release;
		};
/* End XCConfigurationList section */
	};
	rootObject = 04BC57151CC6264700D6A796 /* Project object */;
}
