// !$*UTF8*$!
{
	archiveVersion = 1;
	classes = {
	};
	objectVersion = 46;
	objects = {

/* Begin PBXBuildFile section */
		042726401CA774FA00C8A1EB /* FourViewController.swift in Sources */ = {isa = PBXBuildFile; fileRef = 0427263F1CA774FA00C8A1EB /* FourViewController.swift */; };
		042726421CA775BC00C8A1EB /* CustomPresentationController.swift in Sources */ = {isa = PBXBuildFile; fileRef = 042726411CA775BC00C8A1EB /* CustomPresentationController.swift */; };
		04282B761CA778A100DD208A /* CustomPresentationAnimator.swift in Sources */ = {isa = PBXBuildFile; fileRef = 04282B751CA778A100DD208A /* CustomPresentationAnimator.swift */; };
		044D594B1CA3C2B400704CF0 /* AppDelegate.swift in Sources */ = {isa = PBXBuildFile; fileRef = 044D593C1CA3C2B400704CF0 /* AppDelegate.swift */; };
		044D594C1CA3C2B400704CF0 /* Assets.xcassets in Resources */ = {isa = PBXBuildFile; fileRef = 044D593D1CA3C2B400704CF0 /* Assets.xcassets */; };
		044D594D1CA3C2B400704CF0 /* LaunchScreen.storyboard in Resources */ = {isa = PBXBuildFile; fileRef = 044D593E1CA3C2B400704CF0 /* LaunchScreen.storyboard */; };
		044D594E1CA3C2B400704CF0 /* Main.storyboard in Resources */ = {isa = PBXBuildFile; fileRef = 044D59401CA3C2B400704CF0 /* Main.storyboard */; };
		044D594F1CA3C2B400704CF0 /* CrossDissolveAnimator.swift in Sources */ = {isa = PBXBuildFile; fileRef = 044D59421CA3C2B400704CF0 /* CrossDissolveAnimator.swift */; };
		044D59501CA3C2B400704CF0 /* HalfWaySpringAnimator.swift in Sources */ = {isa = PBXBuildFile; fileRef = 044D59431CA3C2B400704CF0 /* HalfWaySpringAnimator.swift */; };
		044D59511CA3C2B400704CF0 /* Info.plist in Resources */ = {isa = PBXBuildFile; fileRef = 044D59441CA3C2B400704CF0 /* Info.plist */; };
		044D59521CA3C2B400704CF0 /* InteractivityTransitionAnimator.swift in Sources */ = {isa = PBXBuildFile; fileRef = 044D59451CA3C2B400704CF0 /* InteractivityTransitionAnimator.swift */; };
		044D59531CA3C2B400704CF0 /* InteractivityTransitionDelegate.swift in Sources */ = {isa = PBXBuildFile; fileRef = 044D59461CA3C2B400704CF0 /* InteractivityTransitionDelegate.swift */; };
		044D59541CA3C2B400704CF0 /* SecondViewController.swift in Sources */ = {isa = PBXBuildFile; fileRef = 044D59471CA3C2B400704CF0 /* SecondViewController.swift */; };
		044D59551CA3C2B400704CF0 /* ThirdViewController.swift in Sources */ = {isa = PBXBuildFile; fileRef = 044D59481CA3C2B400704CF0 /* ThirdViewController.swift */; };
		044D59561CA3C2B400704CF0 /* TransitionInteractionController.swift in Sources */ = {isa = PBXBuildFile; fileRef = 044D59491CA3C2B400704CF0 /* TransitionInteractionController.swift */; };
		044D59571CA3C2B400704CF0 /* ViewController.swift in Sources */ = {isa = PBXBuildFile; fileRef = 044D594A1CA3C2B400704CF0 /* ViewController.swift */; };
/* End PBXBuildFile section */

/* Begin PBXFileReference section */
		0427263F1CA774FA00C8A1EB /* FourViewController.swift */ = {isa = PBXFileReference; fileEncoding = 4; lastKnownFileType = sourcecode.swift; path = FourViewController.swift; sourceTree = "<group>"; };
		042726411CA775BC00C8A1EB /* CustomPresentationController.swift */ = {isa = PBXFileReference; fileEncoding = 4; lastKnownFileType = sourcecode.swift; path = CustomPresentationController.swift; sourceTree = "<group>"; };
		04282B751CA778A100DD208A /* CustomPresentationAnimator.swift */ = {isa = PBXFileReference; fileEncoding = 4; lastKnownFileType = sourcecode.swift; path = CustomPresentationAnimator.swift; sourceTree = "<group>"; };
		044D59261CA3C27700704CF0 /* CustomTransitions.app */ = {isa = PBXFileReference; explicitFileType = wrapper.application; includeInIndex = 0; path = CustomTransitions.app; sourceTree = BUILT_PRODUCTS_DIR; };
		044D593C1CA3C2B400704CF0 /* AppDelegate.swift */ = {isa = PBXFileReference; fileEncoding = 4; lastKnownFileType = sourcecode.swift; path = AppDelegate.swift; sourceTree = "<group>"; };
		044D593D1CA3C2B400704CF0 /* Assets.xcassets */ = {isa = PBXFileReference; lastKnownFileType = folder.assetcatalog; path = Assets.xcassets; sourceTree = "<group>"; };
		044D593F1CA3C2B400704CF0 /* Base */ = {isa = PBXFileReference; lastKnownFileType = file.storyboard; name = Base; path = Base.lproj/LaunchScreen.storyboard; sourceTree = "<group>"; };
		044D59411CA3C2B400704CF0 /* Base */ = {isa = PBXFileReference; lastKnownFileType = file.storyboard; name = Base; path = Base.lproj/Main.storyboard; sourceTree = "<group>"; };
		044D59421CA3C2B400704CF0 /* CrossDissolveAnimator.swift */ = {isa = PBXFileReference; fileEncoding = 4; lastKnownFileType = sourcecode.swift; path = CrossDissolveAnimator.swift; sourceTree = "<group>"; };
		044D59431CA3C2B400704CF0 /* HalfWaySpringAnimator.swift */ = {isa = PBXFileReference; fileEncoding = 4; lastKnownFileType = sourcecode.swift; path = HalfWaySpringAnimator.swift; sourceTree = "<group>"; };
		044D59441CA3C2B400704CF0 /* Info.plist */ = {isa = PBXFileReference; fileEncoding = 4; lastKnownFileType = text.plist.xml; path = Info.plist; sourceTree = "<group>"; };
		044D59451CA3C2B400704CF0 /* InteractivityTransitionAnimator.swift */ = {isa = PBXFileReference; fileEncoding = 4; lastKnownFileType = sourcecode.swift; path = InteractivityTransitionAnimator.swift; sourceTree = "<group>"; };
		044D59461CA3C2B400704CF0 /* InteractivityTransitionDelegate.swift */ = {isa = PBXFileReference; fileEncoding = 4; lastKnownFileType = sourcecode.swift; path = InteractivityTransitionDelegate.swift; sourceTree = "<group>"; };
		044D59471CA3C2B400704CF0 /* SecondViewController.swift */ = {isa = PBXFileReference; fileEncoding = 4; lastKnownFileType = sourcecode.swift; path = SecondViewController.swift; sourceTree = "<group>"; };
		044D59481CA3C2B400704CF0 /* ThirdViewController.swift */ = {isa = PBXFileReference; fileEncoding = 4; lastKnownFileType = sourcecode.swift; path = ThirdViewController.swift; sourceTree = "<group>"; };
		044D59491CA3C2B400704CF0 /* TransitionInteractionController.swift */ = {isa = PBXFileReference; fileEncoding = 4; lastKnownFileType = sourcecode.swift; path = TransitionInteractionController.swift; sourceTree = "<group>"; };
		044D594A1CA3C2B400704CF0 /* ViewController.swift */ = {isa = PBXFileReference; fileEncoding = 4; lastKnownFileType = sourcecode.swift; path = ViewController.swift; sourceTree = "<group>"; };
/* End PBXFileReference section */

/* Begin PBXFrameworksBuildPhase section */
		044D59231CA3C27700704CF0 /* Frameworks */ = {
			isa = PBXFrameworksBuildPhase;
			buildActionMask = 2147483647;
			files = (
			);
			runOnlyForDeploymentPostprocessing = 0;
		};
/* End PBXFrameworksBuildPhase section */

/* Begin PBXGroup section */
		044D591D1CA3C27700704CF0 = {
			isa = PBXGroup;
			children = (
				044D593B1CA3C2B400704CF0 /* CustomTransitions */,
				044D59271CA3C27700704CF0 /* Products */,
			);
			sourceTree = "<group>";
		};
		044D59271CA3C27700704CF0 /* Products */ = {
			isa = PBXGroup;
			children = (
				044D59261CA3C27700704CF0 /* CustomTransitions.app */,
			);
			name = Products;
			sourceTree = "<group>";
		};
		044D593B1CA3C2B400704CF0 /* CustomTransitions */ = {
			isa = PBXGroup;
			children = (
				044D593C1CA3C2B400704CF0 /* AppDelegate.swift */,
				044D593D1CA3C2B400704CF0 /* Assets.xcassets */,
				044D593E1CA3C2B400704CF0 /* LaunchScreen.storyboard */,
				044D59401CA3C2B400704CF0 /* Main.storyboard */,
				044D59421CA3C2B400704CF0 /* CrossDissolveAnimator.swift */,
				044D59431CA3C2B400704CF0 /* HalfWaySpringAnimator.swift */,
				044D59441CA3C2B400704CF0 /* Info.plist */,
				044D59451CA3C2B400704CF0 /* InteractivityTransitionAnimator.swift */,
				044D59461CA3C2B400704CF0 /* InteractivityTransitionDelegate.swift */,
				044D59471CA3C2B400704CF0 /* SecondViewController.swift */,
				044D59481CA3C2B400704CF0 /* ThirdViewController.swift */,
				0427263F1CA774FA00C8A1EB /* FourViewController.swift */,
				044D59491CA3C2B400704CF0 /* TransitionInteractionController.swift */,
				044D594A1CA3C2B400704CF0 /* ViewController.swift */,
				042726411CA775BC00C8A1EB /* CustomPresentationController.swift */,
				04282B751CA778A100DD208A /* CustomPresentationAnimator.swift */,
			);
			path = CustomTransitions;
			sourceTree = "<group>";
		};
/* End PBXGroup section */

/* Begin PBXNativeTarget section */
		044D59251CA3C27700704CF0 /* CustomTransitions */ = {
			isa = PBXNativeTarget;
			buildConfigurationList = 044D59381CA3C27700704CF0 /* Build configuration list for PBXNativeTarget "CustomTransitions" */;
			buildPhases = (
				044D59221CA3C27700704CF0 /* Sources */,
				044D59231CA3C27700704CF0 /* Frameworks */,
				044D59241CA3C27700704CF0 /* Resources */,
			);
			buildRules = (
			);
			dependencies = (
			);
			name = CustomTransitions;
			productName = CustomTransitions;
			productReference = 044D59261CA3C27700704CF0 /* CustomTransitions.app */;
			productType = "com.apple.product-type.application";
		};
/* End PBXNativeTarget section */

/* Begin PBXProject section */
		044D591E1CA3C27700704CF0 /* Project object */ = {
			isa = PBXProject;
			attributes = {
				LastSwiftUpdateCheck = 0730;
				LastUpgradeCheck = 0730;
				ORGANIZATIONNAME = "赵国庆";
				TargetAttributes = {
					044D59251CA3C27700704CF0 = {
						CreatedOnToolsVersion = 7.3;
					};
				};
			};
			buildConfigurationList = 044D59211CA3C27700704CF0 /* Build configuration list for PBXProject "CustomTransitions" */;
			compatibilityVersion = "Xcode 3.2";
			developmentRegion = English;
			hasScannedForEncodings = 0;
			knownRegions = (
				en,
				Base,
			);
			mainGroup = 044D591D1CA3C27700704CF0;
			productRefGroup = 044D59271CA3C27700704CF0 /* Products */;
			projectDirPath = "";
			projectRoot = "";
			targets = (
				044D59251CA3C27700704CF0 /* CustomTransitions */,
			);
		};
/* End PBXProject section */

/* Begin PBXResourcesBuildPhase section */
		044D59241CA3C27700704CF0 /* Resources */ = {
			isa = PBXResourcesBuildPhase;
			buildActionMask = 2147483647;
			files = (
				044D59511CA3C2B400704CF0 /* Info.plist in Resources */,
				044D594E1CA3C2B400704CF0 /* Main.storyboard in Resources */,
				044D594C1CA3C2B400704CF0 /* Assets.xcassets in Resources */,
				044D594D1CA3C2B400704CF0 /* LaunchScreen.storyboard in Resources */,
			);
			runOnlyForDeploymentPostprocessing = 0;
		};
/* End PBXResourcesBuildPhase section */

/* Begin PBXSourcesBuildPhase section */
		044D59221CA3C27700704CF0 /* Sources */ = {
			isa = PBXSourcesBuildPhase;
			buildActionMask = 2147483647;
			files = (
				044D59541CA3C2B400704CF0 /* SecondViewController.swift in Sources */,
				044D59501CA3C2B400704CF0 /* HalfWaySpringAnimator.swift in Sources */,
				042726421CA775BC00C8A1EB /* CustomPresentationController.swift in Sources */,
				042726401CA774FA00C8A1EB /* FourViewController.swift in Sources */,
				044D59521CA3C2B400704CF0 /* InteractivityTransitionAnimator.swift in Sources */,
				044D59571CA3C2B400704CF0 /* ViewController.swift in Sources */,
				044D59551CA3C2B400704CF0 /* ThirdViewController.swift in Sources */,
				044D594F1CA3C2B400704CF0 /* CrossDissolveAnimator.swift in Sources */,
				044D594B1CA3C2B400704CF0 /* AppDelegate.swift in Sources */,
				044D59531CA3C2B400704CF0 /* InteractivityTransitionDelegate.swift in Sources */,
				04282B761CA778A100DD208A /* CustomPresentationAnimator.swift in Sources */,
				044D59561CA3C2B400704CF0 /* TransitionInteractionController.swift in Sources */,
			);
			runOnlyForDeploymentPostprocessing = 0;
		};
/* End PBXSourcesBuildPhase section */

/* Begin PBXVariantGroup section */
		044D593E1CA3C2B400704CF0 /* LaunchScreen.storyboard */ = {
			isa = PBXVariantGroup;
			children = (
				044D593F1CA3C2B400704CF0 /* Base */,
			);
			name = LaunchScreen.storyboard;
			sourceTree = "<group>";
		};
		044D59401CA3C2B400704CF0 /* Main.storyboard */ = {
			isa = PBXVariantGroup;
			children = (
				044D59411CA3C2B400704CF0 /* Base */,
			);
			name = Main.storyboard;
			sourceTree = "<group>";
		};
/* End PBXVariantGroup section */

/* Begin XCBuildConfiguration section */
		044D59361CA3C27700704CF0 /* Debug */ = {
			isa = XCBuildConfiguration;
			buildSettings = {
				ALWAYS_SEARCH_USER_PATHS = NO;
				CLANG_ANALYZER_NONNULL = YES;
				CLANG_CXX_LANGUAGE_STANDARD = "gnu++0x";
				CLANG_CXX_LIBRARY = "libc++";
				CLANG_ENABLE_MODULES = YES;
				CLANG_ENABLE_OBJC_ARC = YES;
				CLANG_WARN_BOOL_CONVERSION = YES;
				CLANG_WARN_CONSTANT_CONVERSION = YES;
				CLANG_WARN_DIRECT_OBJC_ISA_USAGE = YES_ERROR;
				CLANG_WARN_EMPTY_BODY = YES;
				CLANG_WARN_ENUM_CONVERSION = YES;
				CLANG_WARN_INT_CONVERSION = YES;
				CLANG_WARN_OBJC_ROOT_CLASS = YES_ERROR;
				CLANG_WARN_UNREACHABLE_CODE = YES;
				CLANG_WARN__DUPLICATE_METHOD_MATCH = YES;
				"CODE_SIGN_IDENTITY[sdk=iphoneos*]" = "iPhone Developer";
				COPY_PHASE_STRIP = NO;
				DEBUG_INFORMATION_FORMAT = dwarf;
				ENABLE_STRICT_OBJC_MSGSEND = YES;
				ENABLE_TESTABILITY = YES;
				GCC_C_LANGUAGE_STANDARD = gnu99;
				GCC_DYNAMIC_NO_PIC = NO;
				GCC_NO_COMMON_BLOCKS = YES;
				GCC_OPTIMIZATION_LEVEL = 0;
				GCC_PREPROCESSOR_DEFINITIONS = (
					"DEBUG=1",
					"$(inherited)",
				);
				GCC_WARN_64_TO_32_BIT_CONVERSION = YES;
				GCC_WARN_ABOUT_RETURN_TYPE = YES_ERROR;
				GCC_WARN_UNDECLARED_SELECTOR = YES;
				GCC_WARN_UNINITIALIZED_AUTOS = YES_AGGRESSIVE;
				GCC_WARN_UNUSED_FUNCTION = YES;
				GCC_WARN_UNUSED_VARIABLE = YES;
				IPHONEOS_DEPLOYMENT_TARGET = 9.3;
				MTL_ENABLE_DEBUG_INFO = YES;
				ONLY_ACTIVE_ARCH = YES;
				SDKROOT = iphoneos;
				SWIFT_OPTIMIZATION_LEVEL = "-Onone";
			};
			name = Debug;
		};
		044D59371CA3C27700704CF0 /* Release */ = {
			isa = XCBuildConfiguration;
			buildSettings = {
				ALWAYS_SEARCH_USER_PATHS = NO;
				CLANG_ANALYZER_NONNULL = YES;
				CLANG_CXX_LANGUAGE_STANDARD = "gnu++0x";
				CLANG_CXX_LIBRARY = "libc++";
				CLANG_ENABLE_MODULES = YES;
				CLANG_ENABLE_OBJC_ARC = YES;
				CLANG_WARN_BOOL_CONVERSION = YES;
				CLANG_WARN_CONSTANT_CONVERSION = YES;
				CLANG_WARN_DIRECT_OBJC_ISA_USAGE = YES_ERROR;
				CLANG_WARN_EMPTY_BODY = YES;
				CLANG_WARN_ENUM_CONVERSION = YES;
				CLANG_WARN_INT_CONVERSION = YES;
				CLANG_WARN_OBJC_ROOT_CLASS = YES_ERROR;
				CLANG_WARN_UNREACHABLE_CODE = YES;
				CLANG_WARN__DUPLICATE_METHOD_MATCH = YES;
				"CODE_SIGN_IDENTITY[sdk=iphoneos*]" = "iPhone Developer";
				COPY_PHASE_STRIP = NO;
				DEBUG_INFORMATION_FORMAT = "dwarf-with-dsym";
				ENABLE_NS_ASSERTIONS = NO;
				ENABLE_STRICT_OBJC_MSGSEND = YES;
				GCC_C_LANGUAGE_STANDARD = gnu99;
				GCC_NO_COMMON_BLOCKS = YES;
				GCC_WARN_64_TO_32_BIT_CONVERSION = YES;
				GCC_WARN_ABOUT_RETURN_TYPE = YES_ERROR;
				GCC_WARN_UNDECLARED_SELECTOR = YES;
				GCC_WARN_UNINITIALIZED_AUTOS = YES_AGGRESSIVE;
				GCC_WARN_UNUSED_FUNCTION = YES;
				GCC_WARN_UNUSED_VARIABLE = YES;
				IPHONEOS_DEPLOYMENT_TARGET = 9.3;
				MTL_ENABLE_DEBUG_INFO = NO;
				SDKROOT = iphoneos;
				VALIDATE_PRODUCT = YES;
			};
			name = Release;
		};
		044D59391CA3C27700704CF0 /* Debug */ = {
			isa = XCBuildConfiguration;
			buildSettings = {
				ASSETCATALOG_COMPILER_APPICON_NAME = AppIcon;
				INFOPLIST_FILE = CustomTransitions/Info.plist;
				LD_RUNPATH_SEARCH_PATHS = "$(inherited) @executable_path/Frameworks";
				PRODUCT_BUNDLE_IDENTIFIER = com.oeasy;
				PRODUCT_NAME = "$(TARGET_NAME)";
			};
			name = Debug;
		};
		044D593A1CA3C27700704CF0 /* Release */ = {
			isa = XCBuildConfiguration;
			buildSettings = {
				ASSETCATALOG_COMPILER_APPICON_NAME = AppIcon;
				INFOPLIST_FILE = CustomTransitions/Info.plist;
				LD_RUNPATH_SEARCH_PATHS = "$(inherited) @executable_path/Frameworks";
				PRODUCT_BUNDLE_IDENTIFIER = com.oeasy;
				PRODUCT_NAME = "$(TARGET_NAME)";
			};
			name = Release;
		};
/* End XCBuildConfiguration section */

/* Begin XCConfigurationList section */
		044D59211CA3C27700704CF0 /* Build configuration list for PBXProject "CustomTransitions" */ = {
			isa = XCConfigurationList;
			buildConfigurations = (
				044D59361CA3C27700704CF0 /* Debug */,
				044D59371CA3C27700704CF0 /* Release */,
			);
			defaultConfigurationIsVisible = 0;
			defaultConfigurationName = Release;
		};
		044D59381CA3C27700704CF0 /* Build configuration list for PBXNativeTarget "CustomTransitions" */ = {
			isa = XCConfigurationList;
			buildConfigurations = (
				044D59391CA3C27700704CF0 /* Debug */,
				044D593A1CA3C27700704CF0 /* Release */,
			);
			defaultConfigurationIsVisible = 0;
			defaultConfigurationName = Release;
		};
/* End XCConfigurationList section */
	};
	rootObject = 044D591E1CA3C27700704CF0 /* Project object */;
}
