// !$*UTF8*$!
{
	archiveVersion = 1;
	classes = {
	};
	objectVersion = 46;
	objects = {

/* Begin PBXBuildFile section */
		042726151CA616A200C8A1EB /* bitstream.c in Sources */ = {isa = PBXBuildFile; fileRef = 042726051CA616A200C8A1EB /* bitstream.c */; };
		042726161CA616A200C8A1EB /* mask.c in Sources */ = {isa = PBXBuildFile; fileRef = 042726071CA616A200C8A1EB /* mask.c */; };
		042726171CA616A200C8A1EB /* QRCodeGenerator.m in Sources */ = {isa = PBXBuildFile; fileRef = 0427260A1CA616A200C8A1EB /* QRCodeGenerator.m */; };
		042726181CA616A200C8A1EB /* qrencode.c in Sources */ = {isa = PBXBuildFile; fileRef = 0427260B1CA616A200C8A1EB /* qrencode.c */; };
		042726191CA616A200C8A1EB /* qrinput.c in Sources */ = {isa = PBXBuildFile; fileRef = 0427260D1CA616A200C8A1EB /* qrinput.c */; };
		0427261A1CA616A200C8A1EB /* qrspec.c in Sources */ = {isa = PBXBuildFile; fileRef = 0427260F1CA616A200C8A1EB /* qrspec.c */; };
		0427261B1CA616A200C8A1EB /* rscode.c in Sources */ = {isa = PBXBuildFile; fileRef = 042726111CA616A200C8A1EB /* rscode.c */; };
		0427261C1CA616A200C8A1EB /* split.c in Sources */ = {isa = PBXBuildFile; fileRef = 042726131CA616A200C8A1EB /* split.c */; };
		0427261E1CA618E600C8A1EB /* 2.png in Resources */ = {isa = PBXBuildFile; fileRef = 0427261D1CA618E600C8A1EB /* 2.png */; };
		046780B11C9FDEF300B8D94A /* QRCodeViewController.m in Sources */ = {isa = PBXBuildFile; fileRef = 046780AD1C9FDEF300B8D94A /* QRCodeViewController.m */; };
		046780B21C9FDEF300B8D94A /* QRView.m in Sources */ = {isa = PBXBuildFile; fileRef = 046780AF1C9FDEF300B8D94A /* QRView.m */; };
		046780B31C9FDEF300B8D94A /* QRView.xib in Resources */ = {isa = PBXBuildFile; fileRef = 046780B01C9FDEF300B8D94A /* QRView.xib */; };
		046780B61C9FEDEF00B8D94A /* ViewConrtroller.m in Sources */ = {isa = PBXBuildFile; fileRef = 046780B51C9FEDEF00B8D94A /* ViewConrtroller.m */; };
		047E4D471C9FAF87006597B7 /* main.m in Sources */ = {isa = PBXBuildFile; fileRef = 047E4D461C9FAF87006597B7 /* main.m */; };
		047E4D4A1C9FAF87006597B7 /* AppDelegate.m in Sources */ = {isa = PBXBuildFile; fileRef = 047E4D491C9FAF87006597B7 /* AppDelegate.m */; };
		047E4D501C9FAF87006597B7 /* Main.storyboard in Resources */ = {isa = PBXBuildFile; fileRef = 047E4D4E1C9FAF87006597B7 /* Main.storyboard */; };
		047E4D521C9FAF87006597B7 /* Assets.xcassets in Resources */ = {isa = PBXBuildFile; fileRef = 047E4D511C9FAF87006597B7 /* Assets.xcassets */; };
		047E4D551C9FAF87006597B7 /* LaunchScreen.storyboard in Resources */ = {isa = PBXBuildFile; fileRef = 047E4D531C9FAF87006597B7 /* LaunchScreen.storyboard */; };
		047E4D5D1C9FAF92006597B7 /* AVFoundation.framework in Frameworks */ = {isa = PBXBuildFile; fileRef = 047E4D5C1C9FAF92006597B7 /* AVFoundation.framework */; };
		04B4E69E1CA530C200E003D1 /* QRManager.m in Sources */ = {isa = PBXBuildFile; fileRef = 04B4E69D1CA530C200E003D1 /* QRManager.m */; };
/* End PBXBuildFile section */

/* Begin PBXFileReference section */
		042726051CA616A200C8A1EB /* bitstream.c */ = {isa = PBXFileReference; fileEncoding = 4; lastKnownFileType = sourcecode.c.c; path = bitstream.c; sourceTree = "<group>"; };
		042726061CA616A200C8A1EB /* bitstream.h */ = {isa = PBXFileReference; fileEncoding = 4; lastKnownFileType = sourcecode.c.h; path = bitstream.h; sourceTree = "<group>"; };
		042726071CA616A200C8A1EB /* mask.c */ = {isa = PBXFileReference; fileEncoding = 4; lastKnownFileType = sourcecode.c.c; path = mask.c; sourceTree = "<group>"; };
		042726081CA616A200C8A1EB /* mask.h */ = {isa = PBXFileReference; fileEncoding = 4; lastKnownFileType = sourcecode.c.h; path = mask.h; sourceTree = "<group>"; };
		042726091CA616A200C8A1EB /* QRCodeGenerator.h */ = {isa = PBXFileReference; fileEncoding = 4; lastKnownFileType = sourcecode.c.h; path = QRCodeGenerator.h; sourceTree = "<group>"; };
		0427260A1CA616A200C8A1EB /* QRCodeGenerator.m */ = {isa = PBXFileReference; fileEncoding = 4; lastKnownFileType = sourcecode.c.objc; path = QRCodeGenerator.m; sourceTree = "<group>"; };
		0427260B1CA616A200C8A1EB /* qrencode.c */ = {isa = PBXFileReference; fileEncoding = 4; lastKnownFileType = sourcecode.c.c; path = qrencode.c; sourceTree = "<group>"; };
		0427260C1CA616A200C8A1EB /* qrencode.h */ = {isa = PBXFileReference; fileEncoding = 4; lastKnownFileType = sourcecode.c.h; path = qrencode.h; sourceTree = "<group>"; };
		0427260D1CA616A200C8A1EB /* qrinput.c */ = {isa = PBXFileReference; fileEncoding = 4; lastKnownFileType = sourcecode.c.c; path = qrinput.c; sourceTree = "<group>"; };
		0427260E1CA616A200C8A1EB /* qrinput.h */ = {isa = PBXFileReference; fileEncoding = 4; lastKnownFileType = sourcecode.c.h; path = qrinput.h; sourceTree = "<group>"; };
		0427260F1CA616A200C8A1EB /* qrspec.c */ = {isa = PBXFileReference; fileEncoding = 4; lastKnownFileType = sourcecode.c.c; path = qrspec.c; sourceTree = "<group>"; };
		042726101CA616A200C8A1EB /* qrspec.h */ = {isa = PBXFileReference; fileEncoding = 4; lastKnownFileType = sourcecode.c.h; path = qrspec.h; sourceTree = "<group>"; };
		042726111CA616A200C8A1EB /* rscode.c */ = {isa = PBXFileReference; fileEncoding = 4; lastKnownFileType = sourcecode.c.c; path = rscode.c; sourceTree = "<group>"; };
		042726121CA616A200C8A1EB /* rscode.h */ = {isa = PBXFileReference; fileEncoding = 4; lastKnownFileType = sourcecode.c.h; path = rscode.h; sourceTree = "<group>"; };
		042726131CA616A200C8A1EB /* split.c */ = {isa = PBXFileReference; fileEncoding = 4; lastKnownFileType = sourcecode.c.c; path = split.c; sourceTree = "<group>"; };
		042726141CA616A200C8A1EB /* split.h */ = {isa = PBXFileReference; fileEncoding = 4; lastKnownFileType = sourcecode.c.h; path = split.h; sourceTree = "<group>"; };
		0427261D1CA618E600C8A1EB /* 2.png */ = {isa = PBXFileReference; lastKnownFileType = image.png; path = 2.png; sourceTree = "<group>"; };
		046780AC1C9FDEF300B8D94A /* QRCodeViewController.h */ = {isa = PBXFileReference; fileEncoding = 4; lastKnownFileType = sourcecode.c.h; path = QRCodeViewController.h; sourceTree = "<group>"; };
		046780AD1C9FDEF300B8D94A /* QRCodeViewController.m */ = {isa = PBXFileReference; fileEncoding = 4; lastKnownFileType = sourcecode.c.objc; path = QRCodeViewController.m; sourceTree = "<group>"; };
		046780AE1C9FDEF300B8D94A /* QRView.h */ = {isa = PBXFileReference; fileEncoding = 4; lastKnownFileType = sourcecode.c.h; path = QRView.h; sourceTree = "<group>"; };
		046780AF1C9FDEF300B8D94A /* QRView.m */ = {isa = PBXFileReference; fileEncoding = 4; lastKnownFileType = sourcecode.c.objc; path = QRView.m; sourceTree = "<group>"; };
		046780B01C9FDEF300B8D94A /* QRView.xib */ = {isa = PBXFileReference; fileEncoding = 4; lastKnownFileType = file.xib; path = QRView.xib; sourceTree = "<group>"; };
		046780B41C9FEDEF00B8D94A /* ViewConrtroller.h */ = {isa = PBXFileReference; fileEncoding = 4; lastKnownFileType = sourcecode.c.h; path = ViewConrtroller.h; sourceTree = "<group>"; };
		046780B51C9FEDEF00B8D94A /* ViewConrtroller.m */ = {isa = PBXFileReference; fileEncoding = 4; lastKnownFileType = sourcecode.c.objc; path = ViewConrtroller.m; sourceTree = "<group>"; };
		047E4D421C9FAF87006597B7 /* QRManager.app */ = {isa = PBXFileReference; explicitFileType = wrapper.application; includeInIndex = 0; path = QRManager.app; sourceTree = BUILT_PRODUCTS_DIR; };
		047E4D461C9FAF87006597B7 /* main.m */ = {isa = PBXFileReference; lastKnownFileType = sourcecode.c.objc; path = main.m; sourceTree = "<group>"; };
		047E4D481C9FAF87006597B7 /* AppDelegate.h */ = {isa = PBXFileReference; lastKnownFileType = sourcecode.c.h; path = AppDelegate.h; sourceTree = "<group>"; };
		047E4D491C9FAF87006597B7 /* AppDelegate.m */ = {isa = PBXFileReference; lastKnownFileType = sourcecode.c.objc; path = AppDelegate.m; sourceTree = "<group>"; };
		047E4D4F1C9FAF87006597B7 /* Base */ = {isa = PBXFileReference; lastKnownFileType = file.storyboard; name = Base; path = Base.lproj/Main.storyboard; sourceTree = "<group>"; };
		047E4D511C9FAF87006597B7 /* Assets.xcassets */ = {isa = PBXFileReference; lastKnownFileType = folder.assetcatalog; path = Assets.xcassets; sourceTree = "<group>"; };
		047E4D541C9FAF87006597B7 /* Base */ = {isa = PBXFileReference; lastKnownFileType = file.storyboard; name = Base; path = Base.lproj/LaunchScreen.storyboard; sourceTree = "<group>"; };
		047E4D561C9FAF87006597B7 /* Info.plist */ = {isa = PBXFileReference; lastKnownFileType = text.plist.xml; path = Info.plist; sourceTree = "<group>"; };
		047E4D5C1C9FAF92006597B7 /* AVFoundation.framework */ = {isa = PBXFileReference; lastKnownFileType = wrapper.framework; name = AVFoundation.framework; path = System/Library/Frameworks/AVFoundation.framework; sourceTree = SDKROOT; };
		04B4E69C1CA530C200E003D1 /* QRManager.h */ = {isa = PBXFileReference; fileEncoding = 4; lastKnownFileType = sourcecode.c.h; path = QRManager.h; sourceTree = "<group>"; };
		04B4E69D1CA530C200E003D1 /* QRManager.m */ = {isa = PBXFileReference; fileEncoding = 4; lastKnownFileType = sourcecode.c.objc; path = QRManager.m; sourceTree = "<group>"; };
/* End PBXFileReference section */

/* Begin PBXFrameworksBuildPhase section */
		047E4D3F1C9FAF87006597B7 /* Frameworks */ = {
			isa = PBXFrameworksBuildPhase;
			buildActionMask = 2147483647;
			files = (
				047E4D5D1C9FAF92006597B7 /* AVFoundation.framework in Frameworks */,
			);
			runOnlyForDeploymentPostprocessing = 0;
		};
/* End PBXFrameworksBuildPhase section */

/* Begin PBXGroup section */
		042726041CA616A200C8A1EB /* libqrencode */ = {
			isa = PBXGroup;
			children = (
				042726051CA616A200C8A1EB /* bitstream.c */,
				042726061CA616A200C8A1EB /* bitstream.h */,
				042726071CA616A200C8A1EB /* mask.c */,
				042726081CA616A200C8A1EB /* mask.h */,
				042726091CA616A200C8A1EB /* QRCodeGenerator.h */,
				0427260A1CA616A200C8A1EB /* QRCodeGenerator.m */,
				0427260B1CA616A200C8A1EB /* qrencode.c */,
				0427260C1CA616A200C8A1EB /* qrencode.h */,
				0427260D1CA616A200C8A1EB /* qrinput.c */,
				0427260E1CA616A200C8A1EB /* qrinput.h */,
				0427260F1CA616A200C8A1EB /* qrspec.c */,
				042726101CA616A200C8A1EB /* qrspec.h */,
				042726111CA616A200C8A1EB /* rscode.c */,
				042726121CA616A200C8A1EB /* rscode.h */,
				042726131CA616A200C8A1EB /* split.c */,
				042726141CA616A200C8A1EB /* split.h */,
			);
			path = libqrencode;
			sourceTree = "<group>";
		};
		046780AB1C9FDEF300B8D94A /* ZQRCodeManager */ = {
			isa = PBXGroup;
			children = (
				042726041CA616A200C8A1EB /* libqrencode */,
				04B4E69C1CA530C200E003D1 /* QRManager.h */,
				04B4E69D1CA530C200E003D1 /* QRManager.m */,
				046780AC1C9FDEF300B8D94A /* QRCodeViewController.h */,
				046780AD1C9FDEF300B8D94A /* QRCodeViewController.m */,
				046780AE1C9FDEF300B8D94A /* QRView.h */,
				046780AF1C9FDEF300B8D94A /* QRView.m */,
				046780B01C9FDEF300B8D94A /* QRView.xib */,
			);
			path = ZQRCodeManager;
			sourceTree = "<group>";
		};
		047E4D391C9FAF87006597B7 = {
			isa = PBXGroup;
			children = (
				047E4D5C1C9FAF92006597B7 /* AVFoundation.framework */,
				047E4D441C9FAF87006597B7 /* QRManager */,
				047E4D431C9FAF87006597B7 /* Products */,
			);
			sourceTree = "<group>";
		};
		047E4D431C9FAF87006597B7 /* Products */ = {
			isa = PBXGroup;
			children = (
				047E4D421C9FAF87006597B7 /* QRManager.app */,
			);
			name = Products;
			sourceTree = "<group>";
		};
		047E4D441C9FAF87006597B7 /* QRManager */ = {
			isa = PBXGroup;
			children = (
				0427261D1CA618E600C8A1EB /* 2.png */,
				046780AB1C9FDEF300B8D94A /* ZQRCodeManager */,
				046780B41C9FEDEF00B8D94A /* ViewConrtroller.h */,
				046780B51C9FEDEF00B8D94A /* ViewConrtroller.m */,
				047E4D481C9FAF87006597B7 /* AppDelegate.h */,
				047E4D491C9FAF87006597B7 /* AppDelegate.m */,
				047E4D4E1C9FAF87006597B7 /* Main.storyboard */,
				047E4D511C9FAF87006597B7 /* Assets.xcassets */,
				047E4D531C9FAF87006597B7 /* LaunchScreen.storyboard */,
				047E4D561C9FAF87006597B7 /* Info.plist */,
				047E4D451C9FAF87006597B7 /* Supporting Files */,
			);
			path = QRManager;
			sourceTree = "<group>";
		};
		047E4D451C9FAF87006597B7 /* Supporting Files */ = {
			isa = PBXGroup;
			children = (
				047E4D461C9FAF87006597B7 /* main.m */,
			);
			name = "Supporting Files";
			sourceTree = "<group>";
		};
/* End PBXGroup section */

/* Begin PBXNativeTarget section */
		047E4D411C9FAF87006597B7 /* QRManager */ = {
			isa = PBXNativeTarget;
			buildConfigurationList = 047E4D591C9FAF87006597B7 /* Build configuration list for PBXNativeTarget "QRManager" */;
			buildPhases = (
				047E4D3E1C9FAF87006597B7 /* Sources */,
				047E4D3F1C9FAF87006597B7 /* Frameworks */,
				047E4D401C9FAF87006597B7 /* Resources */,
			);
			buildRules = (
			);
			dependencies = (
			);
			name = QRManager;
			productName = QRManager;
			productReference = 047E4D421C9FAF87006597B7 /* QRManager.app */;
			productType = "com.apple.product-type.application";
		};
/* End PBXNativeTarget section */

/* Begin PBXProject section */
		047E4D3A1C9FAF87006597B7 /* Project object */ = {
			isa = PBXProject;
			attributes = {
				LastUpgradeCheck = 0720;
				ORGANIZATIONNAME = "赵国庆";
				TargetAttributes = {
					047E4D411C9FAF87006597B7 = {
						CreatedOnToolsVersion = 7.2.1;
					};
				};
			};
			buildConfigurationList = 047E4D3D1C9FAF87006597B7 /* Build configuration list for PBXProject "QRManager" */;
			compatibilityVersion = "Xcode 3.2";
			developmentRegion = English;
			hasScannedForEncodings = 0;
			knownRegions = (
				en,
				Base,
			);
			mainGroup = 047E4D391C9FAF87006597B7;
			productRefGroup = 047E4D431C9FAF87006597B7 /* Products */;
			projectDirPath = "";
			projectRoot = "";
			targets = (
				047E4D411C9FAF87006597B7 /* QRManager */,
			);
		};
/* End PBXProject section */

/* Begin PBXResourcesBuildPhase section */
		047E4D401C9FAF87006597B7 /* Resources */ = {
			isa = PBXResourcesBuildPhase;
			buildActionMask = 2147483647;
			files = (
				047E4D551C9FAF87006597B7 /* LaunchScreen.storyboard in Resources */,
				046780B31C9FDEF300B8D94A /* QRView.xib in Resources */,
				0427261E1CA618E600C8A1EB /* 2.png in Resources */,
				047E4D521C9FAF87006597B7 /* Assets.xcassets in Resources */,
				047E4D501C9FAF87006597B7 /* Main.storyboard in Resources */,
			);
			runOnlyForDeploymentPostprocessing = 0;
		};
/* End PBXResourcesBuildPhase section */

/* Begin PBXSourcesBuildPhase section */
		047E4D3E1C9FAF87006597B7 /* Sources */ = {
			isa = PBXSourcesBuildPhase;
			buildActionMask = 2147483647;
			files = (
				04B4E69E1CA530C200E003D1 /* QRManager.m in Sources */,
				0427261B1CA616A200C8A1EB /* rscode.c in Sources */,
				047E4D4A1C9FAF87006597B7 /* AppDelegate.m in Sources */,
				042726181CA616A200C8A1EB /* qrencode.c in Sources */,
				046780B61C9FEDEF00B8D94A /* ViewConrtroller.m in Sources */,
				042726161CA616A200C8A1EB /* mask.c in Sources */,
				042726151CA616A200C8A1EB /* bitstream.c in Sources */,
				042726171CA616A200C8A1EB /* QRCodeGenerator.m in Sources */,
				0427261A1CA616A200C8A1EB /* qrspec.c in Sources */,
				046780B21C9FDEF300B8D94A /* QRView.m in Sources */,
				047E4D471C9FAF87006597B7 /* main.m in Sources */,
				042726191CA616A200C8A1EB /* qrinput.c in Sources */,
				0427261C1CA616A200C8A1EB /* split.c in Sources */,
				046780B11C9FDEF300B8D94A /* QRCodeViewController.m in Sources */,
			);
			runOnlyForDeploymentPostprocessing = 0;
		};
/* End PBXSourcesBuildPhase section */

/* Begin PBXVariantGroup section */
		047E4D4E1C9FAF87006597B7 /* Main.storyboard */ = {
			isa = PBXVariantGroup;
			children = (
				047E4D4F1C9FAF87006597B7 /* Base */,
			);
			name = Main.storyboard;
			sourceTree = "<group>";
		};
		047E4D531C9FAF87006597B7 /* LaunchScreen.storyboard */ = {
			isa = PBXVariantGroup;
			children = (
				047E4D541C9FAF87006597B7 /* Base */,
			);
			name = LaunchScreen.storyboard;
			sourceTree = "<group>";
		};
/* End PBXVariantGroup section */

/* Begin XCBuildConfiguration section */
		047E4D571C9FAF87006597B7 /* Debug */ = {
			isa = XCBuildConfiguration;
			buildSettings = {
				ALWAYS_SEARCH_USER_PATHS = NO;
				CLANG_CXX_LANGUAGE_STANDARD = "gnu++0x";
				CLANG_CXX_LIBRARY = "libc++";
				CLANG_ENABLE_MODULES = YES;
				CLANG_ENABLE_OBJC_ARC = YES;
				CLANG_WARN_BOOL_CONVERSION = YES;
				CLANG_WARN_CONSTANT_CONVERSION = YES;
				CLANG_WARN_DIRECT_OBJC_ISA_USAGE = YES_ERROR;
				CLANG_WARN_EMPTY_BODY = YES;
				CLANG_WARN_ENUM_CONVERSION = YES;
				CLANG_WARN_INT_CONVERSION = YES;
				CLANG_WARN_OBJC_ROOT_CLASS = YES_ERROR;
				CLANG_WARN_UNREACHABLE_CODE = YES;
				CLANG_WARN__DUPLICATE_METHOD_MATCH = YES;
				"CODE_SIGN_IDENTITY[sdk=iphoneos*]" = "iPhone Developer";
				COPY_PHASE_STRIP = NO;
				DEBUG_INFORMATION_FORMAT = dwarf;
				ENABLE_STRICT_OBJC_MSGSEND = YES;
				ENABLE_TESTABILITY = YES;
				GCC_C_LANGUAGE_STANDARD = gnu99;
				GCC_DYNAMIC_NO_PIC = NO;
				GCC_NO_COMMON_BLOCKS = YES;
				GCC_OPTIMIZATION_LEVEL = 0;
				GCC_PREPROCESSOR_DEFINITIONS = (
					"DEBUG=1",
					"$(inherited)",
				);
				GCC_WARN_64_TO_32_BIT_CONVERSION = YES;
				GCC_WARN_ABOUT_RETURN_TYPE = YES_ERROR;
				GCC_WARN_UNDECLARED_SELECTOR = YES;
				GCC_WARN_UNINITIALIZED_AUTOS = YES_AGGRESSIVE;
				GCC_WARN_UNUSED_FUNCTION = YES;
				GCC_WARN_UNUSED_VARIABLE = YES;
				IPHONEOS_DEPLOYMENT_TARGET = 9.2;
				MTL_ENABLE_DEBUG_INFO = YES;
				ONLY_ACTIVE_ARCH = YES;
				SDKROOT = iphoneos;
			};
			name = Debug;
		};
		047E4D581C9FAF87006597B7 /* Release */ = {
			isa = XCBuildConfiguration;
			buildSettings = {
				ALWAYS_SEARCH_USER_PATHS = NO;
				CLANG_CXX_LANGUAGE_STANDARD = "gnu++0x";
				CLANG_CXX_LIBRARY = "libc++";
				CLANG_ENABLE_MODULES = YES;
				CLANG_ENABLE_OBJC_ARC = YES;
				CLANG_WARN_BOOL_CONVERSION = YES;
				CLANG_WARN_CONSTANT_CONVERSION = YES;
				CLANG_WARN_DIRECT_OBJC_ISA_USAGE = YES_ERROR;
				CLANG_WARN_EMPTY_BODY = YES;
				CLANG_WARN_ENUM_CONVERSION = YES;
				CLANG_WARN_INT_CONVERSION = YES;
				CLANG_WARN_OBJC_ROOT_CLASS = YES_ERROR;
				CLANG_WARN_UNREACHABLE_CODE = YES;
				CLANG_WARN__DUPLICATE_METHOD_MATCH = YES;
				"CODE_SIGN_IDENTITY[sdk=iphoneos*]" = "iPhone Developer";
				COPY_PHASE_STRIP = NO;
				DEBUG_INFORMATION_FORMAT = "dwarf-with-dsym";
				ENABLE_NS_ASSERTIONS = NO;
				ENABLE_STRICT_OBJC_MSGSEND = YES;
				GCC_C_LANGUAGE_STANDARD = gnu99;
				GCC_NO_COMMON_BLOCKS = YES;
				GCC_WARN_64_TO_32_BIT_CONVERSION = YES;
				GCC_WARN_ABOUT_RETURN_TYPE = YES_ERROR;
				GCC_WARN_UNDECLARED_SELECTOR = YES;
				GCC_WARN_UNINITIALIZED_AUTOS = YES_AGGRESSIVE;
				GCC_WARN_UNUSED_FUNCTION = YES;
				GCC_WARN_UNUSED_VARIABLE = YES;
				IPHONEOS_DEPLOYMENT_TARGET = 9.2;
				MTL_ENABLE_DEBUG_INFO = NO;
				SDKROOT = iphoneos;
				VALIDATE_PRODUCT = YES;
			};
			name = Release;
		};
		047E4D5A1C9FAF87006597B7 /* Debug */ = {
			isa = XCBuildConfiguration;
			buildSettings = {
				ASSETCATALOG_COMPILER_APPICON_NAME = AppIcon;
				INFOPLIST_FILE = QRManager/Info.plist;
				IPHONEOS_DEPLOYMENT_TARGET = 7.0;
				LD_RUNPATH_SEARCH_PATHS = "$(inherited) @executable_path/Frameworks";
				LIBRARY_SEARCH_PATHS = (
					"$(inherited)",
					"$(PROJECT_DIR)/QRManager/ZQRCodeManager/ZBarSDK",
				);
				PRODUCT_BUNDLE_IDENTIFIER = com.oeasy;
				PRODUCT_NAME = "$(TARGET_NAME)";
			};
			name = Debug;
		};
		047E4D5B1C9FAF87006597B7 /* Release */ = {
			isa = XCBuildConfiguration;
			buildSettings = {
				ASSETCATALOG_COMPILER_APPICON_NAME = AppIcon;
				INFOPLIST_FILE = QRManager/Info.plist;
				IPHONEOS_DEPLOYMENT_TARGET = 7.0;
				LD_RUNPATH_SEARCH_PATHS = "$(inherited) @executable_path/Frameworks";
				LIBRARY_SEARCH_PATHS = (
					"$(inherited)",
					"$(PROJECT_DIR)/QRManager/ZQRCodeManager/ZBarSDK",
				);
				PRODUCT_BUNDLE_IDENTIFIER = com.oeasy;
				PRODUCT_NAME = "$(TARGET_NAME)";
			};
			name = Release;
		};
/* End XCBuildConfiguration section */

/* Begin XCConfigurationList section */
		047E4D3D1C9FAF87006597B7 /* Build configuration list for PBXProject "QRManager" */ = {
			isa = XCConfigurationList;
			buildConfigurations = (
				047E4D571C9FAF87006597B7 /* Debug */,
				047E4D581C9FAF87006597B7 /* Release */,
			);
			defaultConfigurationIsVisible = 0;
			defaultConfigurationName = Release;
		};
		047E4D591C9FAF87006597B7 /* Build configuration list for PBXNativeTarget "QRManager" */ = {
			isa = XCConfigurationList;
			buildConfigurations = (
				047E4D5A1C9FAF87006597B7 /* Debug */,
				047E4D5B1C9FAF87006597B7 /* Release */,
			);
			defaultConfigurationIsVisible = 0;
			defaultConfigurationName = Release;
		};
/* End XCConfigurationList section */
	};
	rootObject = 047E4D3A1C9FAF87006597B7 /* Project object */;
}
